{
  "requires": true,
  "lockfileVersion": 1,
  "dependencies": {
    "@types/react": {
      "version": "16.3.14",
      "resolved": "https://registry.npmjs.org/@types/react/-/react-16.3.14.tgz",
      "integrity": "sha512-wNUGm49fPl7eE2fnYdF0v5vSOrUMdKMQD/4NwtQRnb6mnPwtkhabmuFz37eq90+hhyfz0pWd38jkZHOcaZ6LGw==",
      "requires": {
        "csstype": "2.4.2"
      },
      "dependencies": {
        "csstype": {
          "version": "2.4.2",
          "resolved": "https://registry.npmjs.org/csstype/-/csstype-2.4.2.tgz",
          "integrity": "sha512-1TnkyZwDy0oUl//6685j2bTMNe61SzntWntijNdmmEzvpYbGmVMZkj204gv4glcQp6z/ypg+YRziT91XVFmOyg=="
        }
      }
    }
  }
}
