{
	"name": "@bfemulator/extension-luis-client",
	"version": "0.1.0",
	"lockfileVersion": 1,
	"requires": true,
	"dependencies": {
		"eslint-plugin-typescript": {
			"version": "1.0.0-rc.2",
			"resolved": "https://registry.npmjs.org/eslint-plugin-typescript/-/eslint-plugin-typescript-1.0.0-rc.2.tgz",
			"integrity": "sha512-q/F2EOSPDeGgIwqZ5MgQmOpbhQjkuW7ko3M0fsXJ/2DUarG+ASfE9L1xzyfDtCMV3nFXd5EtypEnNawInXmpLg==",
			"dev": true,
			"requires": {
				"requireindex": "^1.2.0",
				"typescript-eslint-parser": "21.0.2"
			}
		},
		"eslint-scope": {
			"version": "4.0.0",
			"resolved": "https://registry.npmjs.org/eslint-scope/-/eslint-scope-4.0.0.tgz",
			"integrity": "sha512-1G6UTDi7Jc1ELFwnR58HV4fK9OQK4S6N985f166xqXxpjU6plxFISJa2Ba9KCQuFa8RCnj/lSFJbHo7UFDBnUA==",
			"dev": true,
			"requires": {
				"esrecurse": "^4.1.0",
				"estraverse": "^4.1.1"
			}
		},
		"eslint-visitor-keys": {
			"version": "1.0.0",
			"resolved": "https://registry.npmjs.org/eslint-visitor-keys/-/eslint-visitor-keys-1.0.0.tgz",
			"integrity": "sha512-qzm/XxIbxm/FHyH341ZrbnMUpe+5Bocte9xkmFMzPMjRaZMcXww+MpBptFvtU+79L362nqiLhekCxCxDPaUMBQ==",
			"dev": true
		},
		"esrecurse": {
			"version": "4.2.1",
			"resolved": "https://registry.npmjs.org/esrecurse/-/esrecurse-4.2.1.tgz",
			"integrity": "sha512-64RBB++fIOAXPw3P9cy89qfMlvZEXZkqqJkjqqXIvzP5ezRZjW+lPWjw35UX/3EhUPFYbg5ER4JYgDw4007/DQ==",
			"dev": true,
			"requires": {
				"estraverse": "^4.1.0"
			}
		},
		"estraverse": {
			"version": "4.2.0",
			"resolved": "https://registry.npmjs.org/estraverse/-/estraverse-4.2.0.tgz",
			"integrity": "sha1-De4/7TH81GlhjOc0IJn8GvoL2xM=",
			"dev": true
		},
		"lodash.unescape": {
			"version": "4.0.1",
			"resolved": "https://registry.npmjs.org/lodash.unescape/-/lodash.unescape-4.0.1.tgz",
			"integrity": "sha1-vyJJiGzlFM2hEvrpIYzcBlIR/Jw=",
			"dev": true
		},
		"requireindex": {
			"version": "1.2.0",
			"resolved": "https://registry.npmjs.org/requireindex/-/requireindex-1.2.0.tgz",
			"integrity": "sha512-L9jEkOi3ASd9PYit2cwRfyppc9NoABujTP8/5gFcbERmo5jUoAKovIC3fsF17pkTnGsrByysqX+Kxd2OTNI1ww==",
			"dev": true
		},
		"typescript-eslint-parser": {
			"version": "21.0.2",
			"resolved": "https://registry.npmjs.org/typescript-eslint-parser/-/typescript-eslint-parser-21.0.2.tgz",
			"integrity": "sha512-u+pj4RVJBr4eTzj0n5npoXD/oRthvfUCjSKndhNI714MG0mQq2DJw5WP7qmonRNIFgmZuvdDOH3BHm9iOjIAfg==",
			"dev": true,
			"requires": {
				"eslint-scope": "^4.0.0",
				"eslint-visitor-keys": "^1.0.0",
				"typescript-estree": "5.3.0"
			}
		},
		"typescript-estree": {
			"version": "5.3.0",
			"resolved": "https://registry.npmjs.org/typescript-estree/-/typescript-estree-5.3.0.tgz",
			"integrity": "sha512-Vu0KmYdSCkpae+J48wsFC1ti19Hq3Wi/lODUaE+uesc3gzqhWbZ5itWbsjylLVbjNW4K41RqDzSfnaYNbmEiMQ==",
			"dev": true,
			"requires": {
				"lodash.unescape": "4.0.1",
				"semver": "5.5.0"
			},
			"dependencies": {
				"semver": {
					"version": "5.5.0",
					"resolved": "https://registry.npmjs.org/semver/-/semver-5.5.0.tgz",
					"integrity": "sha512-4SJ3dm0WAwWy/NVeioZh5AntkdJoWKxHxcmyP622fOkgHa4z3R0TdBJICINyaSDE6uNwVc8gZr+ZinwZAH4xIA==",
					"dev": true
				}
			}
		}
	}
}
