{
	"name": "@bfemulator/extension-json",
	"version": "1.0.0",
	"lockfileVersion": 1,
	"requires": true,
	"dependencies": {
		"@types/jest": {
			"version": "24.0.13",
			"resolved": "https://registry.npmjs.org/@types/jest/-/jest-24.0.13.tgz",
			"integrity": "sha512-3m6RPnO35r7Dg+uMLj1+xfZaOgIHHHut61djNjzwExXN4/Pm9has9C6I1KMYSfz7mahDhWUOVg4HW/nZdv5Pww==",
			"dev": true,
			"requires": {
				"@types/jest-diff": "*"
			},
			"dependencies": {
				"@types/jest-diff": {
					"version": "20.0.1",
					"resolved": "https://registry.npmjs.org/@types/jest-diff/-/jest-diff-20.0.1.tgz",
					"integrity": "sha512-yALhelO3i0hqZwhjtcr6dYyaLoCHbAMshwtj6cGxTvHZAKXHsYGdff6E8EPw3xLKY0ELUTQ69Q1rQiJENnccMA==",
					"dev": true
				}
			}
		}
	}
}
