{
	"requires": true,
	"lockfileVersion": 1,
	"dependencies": {
		"async": {
			"version": "0.2.10",
			"resolved": "https://botbuilder.myget.org/F/botbuilder-v4-js-daily/npm/async/-/async-0.2.10.tgz",
			"integrity": "sha1-trvgsGdLnXGXCMo43owjfLUmw9E="
		},
		"hoist": {
			"version": "0.0.6",
			"resolved": "https://botbuilder.myget.org/F/botbuilder-v4-js-daily/npm/hoist/-/hoist-0.0.6.tgz",
			"integrity": "sha1-QaXtl8r0i7hjeM92wXsizGxKLmQ=",
			"requires": {
				"async": "0.2.x",
				"type-component": "0.0.x"
			}
		},
		"type-component": {
			"version": "0.0.1",
			"resolved": "https://botbuilder.myget.org/F/botbuilder-v4-js-daily/npm/type-component/-/type-component-0.0.1.tgz",
			"integrity": "sha1-lSpsgcIe/STRPYEdDISYy4YOGVY="
		}
	}
}
