{
	"name": "@bfemulator/client",
	"version": "1.0.0",
	"lockfileVersion": 1,
	"requires": true,
	"dependencies": {
		"adaptivecards": {
			"version": "1.1.3",
			"resolved": "https://registry.npmjs.org/adaptivecards/-/adaptivecards-1.1.3.tgz",
			"integrity": "sha512-UeU/w8SqkeBE1NuiI+5C1XxQJtxA/o7l5uDfDG2XCS3oKt73vfj3Bh0DRHtxyVFecoegmBNPzpRo7C6QTcxIRg=="
		},
		"ansi-styles": {
			"version": "3.2.1",
			"resolved": "https://registry.npmjs.org/ansi-styles/-/ansi-styles-3.2.1.tgz",
			"integrity": "sha512-VT0ZI6kZRdTh8YyJw3SMbYm/u+NqfsAxEpWO0Pf9sq8/e94WxxOpPKx9FR1FlyCtOVDNOQ+8ntlqFxiRc+r5qA==",
			"requires": {
				"color-convert": "^1.9.0"
			}
		},
		"argparse": {
			"version": "1.0.10",
			"resolved": "https://registry.npmjs.org/argparse/-/argparse-1.0.10.tgz",
			"integrity": "sha512-o5Roy6tNG4SL/FOkCAN6RzjiakZS25RLYFrcMttJqbdd8BWrnA+fGz57iN5Pb06pvBGvl5gQ0B48dJlslXvoTg==",
			"requires": {
				"sprintf-js": "~1.0.2"
			}
		},
		"array-uniq": {
			"version": "1.0.3",
			"resolved": "https://registry.npmjs.org/array-uniq/-/array-uniq-1.0.3.tgz",
			"integrity": "sha1-r2rId6Jcx/dOBYiUdThY39sk/bY="
		},
		"asap": {
			"version": "2.0.6",
			"resolved": "https://registry.npmjs.org/asap/-/asap-2.0.6.tgz",
			"integrity": "sha1-5QNHYR1+aQlDIIu9r+vLwvuGbUY="
		},
		"babel-runtime": {
			"version": "6.26.0",
			"resolved": "https://registry.npmjs.org/babel-runtime/-/babel-runtime-6.26.0.tgz",
			"integrity": "sha1-llxwWGaOgrVde/4E/yM3vItWR/4=",
			"requires": {
				"core-js": "^2.4.0",
				"regenerator-runtime": "^0.11.0"
			},
			"dependencies": {
				"regenerator-runtime": {
					"version": "0.11.1",
					"resolved": "https://registry.npmjs.org/regenerator-runtime/-/regenerator-runtime-0.11.1.tgz",
					"integrity": "sha512-MguG95oij0fC3QV3URf4V2SDYGJhJnJGqvIIgdECeODCT98wSWDAJ94SSuVpYQUoTcGUIL6L4yNB7j1DFFHSBg=="
				}
			}
		},
		"botframework-directlinejs": {
			"version": "0.11.4",
			"resolved": "https://registry.npmjs.org/botframework-directlinejs/-/botframework-directlinejs-0.11.4.tgz",
			"integrity": "sha512-dp1kqXcnU41NqpFaKgHMTaA+3BBUF91XeUIUGzzMGE6TZNVyKWk1U1UWPWwL5dppiGDyZh1yMHOK+HgqPEG8jQ==",
			"requires": {
				"@babel/runtime": "^7.3.1",
				"rxjs": "^5.0.3"
			},
			"dependencies": {
				"@babel/runtime": {
					"version": "7.4.4",
					"resolved": "https://registry.npmjs.org/@babel/runtime/-/runtime-7.4.4.tgz",
					"integrity": "sha512-w0+uT71b6Yi7i5SE0co4NioIpSYS6lLiXvCzWzGSKvpK5vdQtCbICHMj+gbAKAOtxiV6HsVh/MBdaF9EQ6faSg==",
					"requires": {
						"regenerator-runtime": "^0.13.2"
					}
				}
			}
		},
		"botframework-webchat": {
			"version": "4.4.1",
			"resolved": "https://registry.npmjs.org/botframework-webchat/-/botframework-webchat-4.4.1.tgz",
			"integrity": "sha512-lS83wTNH6RlX3IjOeNBjg+3Rs9YpX+K+eJPnjMLmo/4fS24AwGhcj0rAnK/2L7xUWpWo/hEZlFb1qHVxKBOtBQ==",
			"requires": {
				"@babel/runtime": "^7.4.3",
				"adaptivecards": "~1.1.3",
				"botframework-directlinejs": "^0.11.4",
				"botframework-webchat-component": "4.4.1",
				"botframework-webchat-core": "4.4.1",
				"core-js": "^2.5.7",
				"markdown-it": "^8.4.2",
				"markdown-it-for-inline": "^0.1.1",
				"memoize-one": "^5.0.2",
				"microsoft-speech-browser-sdk": "^0.0.12",
				"react": "^16.5.0",
				"react-dom": "^16.5.0",
				"sanitize-html": "^1.19.0",
				"url-search-params-polyfill": "^5.0.0",
				"web-speech-cognitive-services": "^4.0.0",
				"whatwg-fetch": "^3.0.0"
			},
			"dependencies": {
				"@babel/runtime": {
					"version": "7.4.4",
					"resolved": "https://registry.npmjs.org/@babel/runtime/-/runtime-7.4.4.tgz",
					"integrity": "sha512-w0+uT71b6Yi7i5SE0co4NioIpSYS6lLiXvCzWzGSKvpK5vdQtCbICHMj+gbAKAOtxiV6HsVh/MBdaF9EQ6faSg==",
					"requires": {
						"regenerator-runtime": "^0.13.2"
					}
				},
				"botframework-webchat-core": {
					"version": "4.4.1",
					"resolved": "https://registry.npmjs.org/botframework-webchat-core/-/botframework-webchat-core-4.4.1.tgz",
					"integrity": "sha512-/HmMECWcvKOHVmyVBW9TGnRpmiRxr9Av4Y4hzOxl64RIvC0U/wUIqgclFpqBZ+9Xi1sgeDO2hvCeDGcQylw02A==",
					"requires": {
						"@babel/runtime": "^7.4.3",
						"jsonwebtoken": "^8.3.0",
						"math-random": "^1.0.4",
						"mime": "^2.3.1",
						"redux": "^4.0.0",
						"redux-promise-middleware": "^5.1.1",
						"redux-saga": "^0.16.0",
						"simple-update-in": "^1.3.0"
					}
				},
				"markdown-it": {
					"version": "8.4.2",
					"resolved": "https://registry.npmjs.org/markdown-it/-/markdown-it-8.4.2.tgz",
					"integrity": "sha512-GcRz3AWTqSUphY3vsUqQSFMbgR38a4Lh3GWlHRh/7MRwz8mcu9n2IO7HOh+bXHrR9kOPDl5RNCaEsrneb+xhHQ==",
					"requires": {
						"argparse": "^1.0.7",
						"entities": "~1.1.1",
						"linkify-it": "^2.0.0",
						"mdurl": "^1.0.1",
						"uc.micro": "^1.0.5"
					}
				},
				"react": {
					"version": "16.8.6",
					"resolved": "https://registry.npmjs.org/react/-/react-16.8.6.tgz",
					"integrity": "sha512-pC0uMkhLaHm11ZSJULfOBqV4tIZkx87ZLvbbQYunNixAAvjnC+snJCg0XQXn9VIsttVsbZP/H/ewzgsd5fxKXw==",
					"requires": {
						"loose-envify": "^1.1.0",
						"object-assign": "^4.1.1",
						"prop-types": "^15.6.2",
						"scheduler": "^0.13.6"
					}
				},
				"react-dom": {
					"version": "16.8.6",
					"resolved": "https://registry.npmjs.org/react-dom/-/react-dom-16.8.6.tgz",
					"integrity": "sha512-1nL7PIq9LTL3fthPqwkvr2zY7phIPjYrT0jp4HjyEQrEROnw4dG41VVwi/wfoCneoleqrNX7iAD+pXebJZwrwA==",
					"requires": {
						"loose-envify": "^1.1.0",
						"object-assign": "^4.1.1",
						"prop-types": "^15.6.2",
						"scheduler": "^0.13.6"
					}
				},
				"redux": {
					"version": "4.0.1",
					"resolved": "https://registry.npmjs.org/redux/-/redux-4.0.1.tgz",
					"integrity": "sha512-R7bAtSkk7nY6O/OYMVR9RiBI+XghjF9rlbl5806HJbQph0LJVHZrU5oaO4q70eUKiqMRqm4y07KLTlMZ2BlVmg==",
					"requires": {
						"loose-envify": "^1.4.0",
						"symbol-observable": "^1.2.0"
					}
				},
				"redux-promise-middleware": {
					"version": "5.1.1",
					"resolved": "https://registry.npmjs.org/redux-promise-middleware/-/redux-promise-middleware-5.1.1.tgz",
					"integrity": "sha512-YC1tiheU28Hgmtu5HHMLiuveLgjL1aCJWsSnwquMiZBcj5i/J9qVLt6vgOnb0Gz37y4deJ/rjiNt7l6Dh+Z8lA=="
				},
				"redux-saga": {
					"version": "0.16.2",
					"resolved": "https://registry.npmjs.org/redux-saga/-/redux-saga-0.16.2.tgz",
					"integrity": "sha512-iIjKnRThI5sKPEASpUvySemjzwqwI13e3qP7oLub+FycCRDysLSAOwt958niZW6LhxfmS6Qm1BzbU70w/Koc4w=="
				},
				"symbol-observable": {
					"version": "1.2.0",
					"resolved": "https://registry.npmjs.org/symbol-observable/-/symbol-observable-1.2.0.tgz",
					"integrity": "sha512-e900nM8RRtGhlV36KGEU9k65K3mPb1WV70OdjfxlG2EAuM1noi/E/BaW/uMhL7bPEssK8QV57vN3esixjUvcXQ=="
				}
			}
		},
		"botframework-webchat-component": {
			"version": "4.4.1",
			"resolved": "https://registry.npmjs.org/botframework-webchat-component/-/botframework-webchat-component-4.4.1.tgz",
			"integrity": "sha512-rwBycPFk2PCKwgCduNo9jAIht0LJsx56fnauZ3VsHlnKQdrxNxEkd01HscEfylT2xfrk14UgATGzcXGwPmjmyQ==",
			"requires": {
				"adaptivecards": "~1.1.3",
				"botframework-webchat-core": "4.4.1",
				"bytes": "^3.0.0",
				"classnames": "^2.2.6",
				"glamor": "^2.20.40",
				"memoize-one": "^5.0.2",
				"react-dictate-button": "^1.1.3",
				"react-film": "1.2.1-master.db29968",
				"react-redux": "^5.0.7",
				"react-say": "^1.1.2-master.453bced",
				"react-scroll-to-bottom": "~1.3.1",
				"redux": "^4.0.0",
				"sanitize-html": "^1.18.2",
				"simple-update-in": "^1.3.0"
			},
			"dependencies": {
				"@babel/runtime": {
					"version": "7.4.4",
					"resolved": "https://registry.npmjs.org/@babel/runtime/-/runtime-7.4.4.tgz",
					"integrity": "sha512-w0+uT71b6Yi7i5SE0co4NioIpSYS6lLiXvCzWzGSKvpK5vdQtCbICHMj+gbAKAOtxiV6HsVh/MBdaF9EQ6faSg==",
					"requires": {
						"regenerator-runtime": "^0.13.2"
					}
				},
				"botframework-webchat-core": {
					"version": "4.4.1",
					"resolved": "https://registry.npmjs.org/botframework-webchat-core/-/botframework-webchat-core-4.4.1.tgz",
					"integrity": "sha512-/HmMECWcvKOHVmyVBW9TGnRpmiRxr9Av4Y4hzOxl64RIvC0U/wUIqgclFpqBZ+9Xi1sgeDO2hvCeDGcQylw02A==",
					"requires": {
						"@babel/runtime": "^7.4.3",
						"jsonwebtoken": "^8.3.0",
						"math-random": "^1.0.4",
						"mime": "^2.3.1",
						"redux": "^4.0.0",
						"redux-promise-middleware": "^5.1.1",
						"redux-saga": "^0.16.0",
						"simple-update-in": "^1.3.0"
					}
				},
				"react-redux": {
					"version": "5.1.1",
					"resolved": "https://registry.npmjs.org/react-redux/-/react-redux-5.1.1.tgz",
					"integrity": "sha512-LE7Ned+cv5qe7tMV5BPYkGQ5Lpg8gzgItK07c67yHvJ8t0iaD9kPFPAli/mYkiyJYrs2pJgExR2ZgsGqlrOApg==",
					"requires": {
						"@babel/runtime": "^7.1.2",
						"hoist-non-react-statics": "^3.1.0",
						"invariant": "^2.2.4",
						"loose-envify": "^1.1.0",
						"prop-types": "^15.6.1",
						"react-is": "^16.6.0",
						"react-lifecycles-compat": "^3.0.0"
					}
				},
				"redux": {
					"version": "4.0.1",
					"resolved": "https://registry.npmjs.org/redux/-/redux-4.0.1.tgz",
					"integrity": "sha512-R7bAtSkk7nY6O/OYMVR9RiBI+XghjF9rlbl5806HJbQph0LJVHZrU5oaO4q70eUKiqMRqm4y07KLTlMZ2BlVmg==",
					"requires": {
						"loose-envify": "^1.4.0",
						"symbol-observable": "^1.2.0"
					}
				},
				"redux-promise-middleware": {
					"version": "5.1.1",
					"resolved": "https://registry.npmjs.org/redux-promise-middleware/-/redux-promise-middleware-5.1.1.tgz",
					"integrity": "sha512-YC1tiheU28Hgmtu5HHMLiuveLgjL1aCJWsSnwquMiZBcj5i/J9qVLt6vgOnb0Gz37y4deJ/rjiNt7l6Dh+Z8lA=="
				},
				"redux-saga": {
					"version": "0.16.2",
					"resolved": "https://registry.npmjs.org/redux-saga/-/redux-saga-0.16.2.tgz",
					"integrity": "sha512-iIjKnRThI5sKPEASpUvySemjzwqwI13e3qP7oLub+FycCRDysLSAOwt958niZW6LhxfmS6Qm1BzbU70w/Koc4w=="
				},
				"symbol-observable": {
					"version": "1.2.0",
					"resolved": "https://registry.npmjs.org/symbol-observable/-/symbol-observable-1.2.0.tgz",
					"integrity": "sha512-e900nM8RRtGhlV36KGEU9k65K3mPb1WV70OdjfxlG2EAuM1noi/E/BaW/uMhL7bPEssK8QV57vN3esixjUvcXQ=="
				}
			}
		},
		"bowser": {
			"version": "1.9.4",
			"resolved": "https://registry.npmjs.org/bowser/-/bowser-1.9.4.tgz",
			"integrity": "sha512-9IdMmj2KjigRq6oWhmwv1W36pDuA4STQZ8q6YO9um+x07xgYNCD3Oou+WP/3L1HNz7iqythGet3/p4wvc8AAwQ=="
		},
		"buffer-equal-constant-time": {
			"version": "1.0.1",
			"resolved": "https://registry.npmjs.org/buffer-equal-constant-time/-/buffer-equal-constant-time-1.0.1.tgz",
			"integrity": "sha1-+OcRMvf/5uAaXJaXpMbz5I1cyBk="
		},
		"bytes": {
			"version": "3.1.0",
			"resolved": "https://registry.npmjs.org/bytes/-/bytes-3.1.0.tgz",
			"integrity": "sha512-zauLjrfCG+xvoyaqLoV8bLVXXNGC4JqlxFCutSDWA6fJrTo2ZuvLYTqZ7aHBLZSMOopbzwv8f+wZcVzfVTI2Dg=="
		},
		"chalk": {
			"version": "2.4.2",
			"resolved": "https://registry.npmjs.org/chalk/-/chalk-2.4.2.tgz",
			"integrity": "sha512-Mti+f9lpJNcwF4tWV8/OrTTtF1gZi+f8FqlyAdouralcFWFQWF2+NgCHShjkCb+IFBLq9buZwE1xckQU4peSuQ==",
			"requires": {
				"ansi-styles": "^3.2.1",
				"escape-string-regexp": "^1.0.5",
				"supports-color": "^5.3.0"
			}
		},
		"classnames": {
			"version": "2.2.6",
			"resolved": "https://registry.npmjs.org/classnames/-/classnames-2.2.6.tgz",
			"integrity": "sha512-JR/iSQOSt+LQIWwrwEzJ9uk0xfN3mTVYMwt1Ir5mUcSN6pU+V4zQFFaJsclJbPuAUQH+yfWef6tm7l1quW3C8Q=="
		},
		"color-convert": {
			"version": "1.9.3",
			"resolved": "https://registry.npmjs.org/color-convert/-/color-convert-1.9.3.tgz",
			"integrity": "sha512-QfAUtd+vFdAtFQcC8CCyYt1fYWxSqAiK2cSD6zDB8N3cpsEBAvRxp9zOGg6G/SHHJYAT88/az/IuDGALsNVbGg==",
			"requires": {
				"color-name": "1.1.3"
			}
		},
		"color-name": {
			"version": "1.1.3",
			"resolved": "https://registry.npmjs.org/color-name/-/color-name-1.1.3.tgz",
			"integrity": "sha1-p9BVi9icQveV3UIyj3QIMcpTvCU="
		},
		"core-js": {
			"version": "2.6.5",
			"resolved": "https://registry.npmjs.org/core-js/-/core-js-2.6.5.tgz",
			"integrity": "sha512-klh/kDpwX8hryYL14M9w/xei6vrv6sE8gTHDG7/T/+SEovB/G4ejwcfE/CBzO6Edsu+OETZMZ3wcX/EjUkrl5A=="
		},
		"css-in-js-utils": {
			"version": "2.0.1",
			"resolved": "https://registry.npmjs.org/css-in-js-utils/-/css-in-js-utils-2.0.1.tgz",
			"integrity": "sha512-PJF0SpJT+WdbVVt0AOYp9C8GnuruRlL/UFW7932nLWmFLQTaWEzTBQEx7/hn4BuV+WON75iAViSUJLiU3PKbpA==",
			"requires": {
				"hyphenate-style-name": "^1.0.2",
				"isobject": "^3.0.1"
			}
		},
		"dom-serializer": {
			"version": "0.1.1",
			"resolved": "https://registry.npmjs.org/dom-serializer/-/dom-serializer-0.1.1.tgz",
			"integrity": "sha512-l0IU0pPzLWSHBcieZbpOKgkIn3ts3vAh7ZuFyXNwJxJXk/c4Gwj9xaTJwIDVQCXawWD0qb3IzMGH5rglQaO0XA==",
			"requires": {
				"domelementtype": "^1.3.0",
				"entities": "^1.1.1"
			}
		},
		"domelementtype": {
			"version": "1.3.1",
			"resolved": "https://registry.npmjs.org/domelementtype/-/domelementtype-1.3.1.tgz",
			"integrity": "sha512-BSKB+TSpMpFI/HOxCNr1O8aMOTZ8hT3pM3GQ0w/mWRmkhEDSFJkkyzz4XQsBV44BChwGkrDfMyjVD0eA2aFV3w=="
		},
		"domhandler": {
			"version": "2.4.2",
			"resolved": "https://registry.npmjs.org/domhandler/-/domhandler-2.4.2.tgz",
			"integrity": "sha512-JiK04h0Ht5u/80fdLMCEmV4zkNh2BcoMFBmZ/91WtYZ8qVXSKjiw7fXMgFPnHcSZgOo3XdinHvmnDUeMf5R4wA==",
			"requires": {
				"domelementtype": "1"
			}
		},
		"domutils": {
			"version": "1.7.0",
			"resolved": "https://registry.npmjs.org/domutils/-/domutils-1.7.0.tgz",
			"integrity": "sha512-Lgd2XcJ/NjEw+7tFvfKxOzCYKZsdct5lczQ2ZaQY8Djz7pfAD3Gbp8ySJWtreII/vDlMVmxwa6pHmdxIYgttDg==",
			"requires": {
				"dom-serializer": "0",
				"domelementtype": "1"
			}
		},
		"ecdsa-sig-formatter": {
			"version": "1.0.11",
			"resolved": "https://registry.npmjs.org/ecdsa-sig-formatter/-/ecdsa-sig-formatter-1.0.11.tgz",
			"integrity": "sha512-nagl3RYrbNv6kQkeJIpt6NJZy8twLB/2vtz6yN9Z4vRKHN4/QZJIEbqohALSgwKdnksuY3k5Addp5lg8sVoVcQ==",
			"requires": {
				"safe-buffer": "^5.0.1"
			}
		},
		"encoding": {
			"version": "0.1.12",
			"resolved": "https://registry.npmjs.org/encoding/-/encoding-0.1.12.tgz",
			"integrity": "sha1-U4tm8+5izRq1HsMjgp0flIDHS+s=",
			"requires": {
				"iconv-lite": "~0.4.13"
			}
		},
		"entities": {
			"version": "1.1.2",
			"resolved": "https://registry.npmjs.org/entities/-/entities-1.1.2.tgz",
			"integrity": "sha512-f2LZMYl1Fzu7YSBKg+RoROelpOaNrcGmE9AZubeDfrCEia483oW4MI4VyFd5VNHIgQ/7qm1I0wUHK1eJnn2y2w=="
		},
		"escape-string-regexp": {
			"version": "1.0.5",
			"resolved": "https://registry.npmjs.org/escape-string-regexp/-/escape-string-regexp-1.0.5.tgz",
			"integrity": "sha1-G2HAViGQqN/2rjuyzwIAyhMLhtQ="
		},
		"eslint-plugin-react": {
			"version": "7.12.3",
			"resolved": "https://registry.npmjs.org/eslint-plugin-react/-/eslint-plugin-react-7.12.3.tgz",
			"integrity": "sha512-WTIA3cS8OzkPeCi4KWuPmjR33lgG9r9Y/7RmnLTRw08MZKgAfnK/n3BO4X0S67MPkVLazdfCNT/XWqcDu4BLTA==",
			"requires": {
				"array-includes": "^3.0.3",
				"doctrine": "^2.1.0",
				"has": "^1.0.3",
				"jsx-ast-utils": "^2.0.1",
				"object.fromentries": "^2.0.0",
				"prop-types": "^15.6.2",
				"resolve": "^1.9.0"
			},
			"dependencies": {
				"array-includes": {
					"version": "3.0.3",
					"resolved": "https://registry.npmjs.org/array-includes/-/array-includes-3.0.3.tgz",
					"integrity": "sha1-GEtI9i2S10UrsxsyMWXH+L0CJm0=",
					"requires": {
						"define-properties": "^1.1.2",
						"es-abstract": "^1.7.0"
					}
				},
				"define-properties": {
					"version": "1.1.3",
					"resolved": "https://registry.npmjs.org/define-properties/-/define-properties-1.1.3.tgz",
					"integrity": "sha512-3MqfYKj2lLzdMSf8ZIZE/V+Zuy+BgD6f164e8K2w7dgnpKArBDerGYpM46IYYcjnkdPNMjPk9A6VFB8+3SKlXQ==",
					"requires": {
						"object-keys": "^1.0.12"
					}
				},
				"doctrine": {
					"version": "2.1.0",
					"resolved": "https://registry.npmjs.org/doctrine/-/doctrine-2.1.0.tgz",
					"integrity": "sha512-35mSku4ZXK0vfCuHEDAwt55dg2jNajHZ1odvF+8SSr82EsZY4QmXfuWso8oEd8zRhVObSN18aM0CjSdoBX7zIw==",
					"requires": {
						"esutils": "^2.0.2"
					}
				},
				"es-abstract": {
					"version": "1.13.0",
					"resolved": "https://registry.npmjs.org/es-abstract/-/es-abstract-1.13.0.tgz",
					"integrity": "sha512-vDZfg/ykNxQVwup/8E1BZhVzFfBxs9NqMzGcvIJrqg5k2/5Za2bWo40dK2J1pgLngZ7c+Shh8lwYtLGyrwPutg==",
					"requires": {
						"es-to-primitive": "^1.2.0",
						"function-bind": "^1.1.1",
						"has": "^1.0.3",
						"is-callable": "^1.1.4",
						"is-regex": "^1.0.4",
						"object-keys": "^1.0.12"
					}
				},
				"es-to-primitive": {
					"version": "1.2.0",
					"resolved": "https://registry.npmjs.org/es-to-primitive/-/es-to-primitive-1.2.0.tgz",
					"integrity": "sha512-qZryBOJjV//LaxLTV6UC//WewneB3LcXOL9NP++ozKVXsIIIpm/2c13UDiD9Jp2eThsecw9m3jPqDwTyobcdbg==",
					"requires": {
						"is-callable": "^1.1.4",
						"is-date-object": "^1.0.1",
						"is-symbol": "^1.0.2"
					}
				},
				"esutils": {
					"version": "2.0.2",
					"resolved": "https://registry.npmjs.org/esutils/-/esutils-2.0.2.tgz",
					"integrity": "sha1-Cr9PHKpbyx96nYrMbepPqqBLrJs="
				},
				"function-bind": {
					"version": "1.1.1",
					"resolved": "https://registry.npmjs.org/function-bind/-/function-bind-1.1.1.tgz",
					"integrity": "sha512-yIovAzMX49sF8Yl58fSCWJ5svSLuaibPxXQJFLmBObTuCr0Mf1KiPopGM9NiFjiYBCbfaa2Fh6breQ6ANVTI0A=="
				},
				"has": {
					"version": "1.0.3",
					"resolved": "https://registry.npmjs.org/has/-/has-1.0.3.tgz",
					"integrity": "sha512-f2dvO0VU6Oej7RkWJGrehjbzMAjFp5/VKPp5tTpWIV4JHHZK1/BxbFRtf/siA2SWTe09caDmVtYYzWEIbBS4zw==",
					"requires": {
						"function-bind": "^1.1.1"
					}
				},
				"has-symbols": {
					"version": "1.0.0",
					"resolved": "https://registry.npmjs.org/has-symbols/-/has-symbols-1.0.0.tgz",
					"integrity": "sha1-uhqPGvKg/DllD1yFA2dwQSIGO0Q="
				},
				"is-callable": {
					"version": "1.1.4",
					"resolved": "https://registry.npmjs.org/is-callable/-/is-callable-1.1.4.tgz",
					"integrity": "sha512-r5p9sxJjYnArLjObpjA4xu5EKI3CuKHkJXMhT7kwbpUyIFD1n5PMAsoPvWnvtZiNz7LjkYDRZhd7FlI0eMijEA=="
				},
				"is-date-object": {
					"version": "1.0.1",
					"resolved": "https://registry.npmjs.org/is-date-object/-/is-date-object-1.0.1.tgz",
					"integrity": "sha1-mqIOtq7rv/d/vTPnTKAbM1gdOhY="
				},
				"is-regex": {
					"version": "1.0.4",
					"resolved": "https://registry.npmjs.org/is-regex/-/is-regex-1.0.4.tgz",
					"integrity": "sha1-VRdIm1RwkbCTDglWVM7SXul+lJE=",
					"requires": {
						"has": "^1.0.1"
					}
				},
				"is-symbol": {
					"version": "1.0.2",
					"resolved": "https://registry.npmjs.org/is-symbol/-/is-symbol-1.0.2.tgz",
					"integrity": "sha512-HS8bZ9ox60yCJLH9snBpIwv9pYUAkcuLhSA1oero1UB5y9aiQpRA8y2ex945AOtCZL1lJDeIk3G5LthswI46Lw==",
					"requires": {
						"has-symbols": "^1.0.0"
					}
				},
				"js-tokens": {
					"version": "4.0.0",
					"resolved": "https://registry.npmjs.org/js-tokens/-/js-tokens-4.0.0.tgz",
					"integrity": "sha512-RdJUflcE3cUzKiMqQgsCu06FPu9UdIJO0beYbPhHN4k6apgJtifcoCtT9bcxOpYBtpD2kCM6Sbzg4CausW/PKQ=="
				},
				"jsx-ast-utils": {
					"version": "2.0.1",
					"resolved": "https://registry.npmjs.org/jsx-ast-utils/-/jsx-ast-utils-2.0.1.tgz",
					"integrity": "sha1-6AGxs5mF4g//yHtA43SAgOLcrH8=",
					"requires": {
						"array-includes": "^3.0.3"
					}
				},
				"loose-envify": {
					"version": "1.4.0",
					"resolved": "https://registry.npmjs.org/loose-envify/-/loose-envify-1.4.0.tgz",
					"integrity": "sha512-lyuxPGr/Wfhrlem2CL/UcnUc1zcqKAImBDzukY7Y5F/yQiNdko6+fRLevlw1HgMySw7f611UIY408EtxRSoK3Q==",
					"requires": {
						"js-tokens": "^3.0.0 || ^4.0.0"
					}
				},
				"object-assign": {
					"version": "4.1.1",
					"resolved": "https://registry.npmjs.org/object-assign/-/object-assign-4.1.1.tgz",
					"integrity": "sha1-IQmtx5ZYh8/AXLvUQsrIv7s2CGM="
				},
				"object-keys": {
					"version": "1.1.1",
					"resolved": "https://registry.npmjs.org/object-keys/-/object-keys-1.1.1.tgz",
					"integrity": "sha512-NuAESUOUMrlIXOfHKzD6bpPu3tYt3xvjNdRIQ+FeT0lNb4K8WR70CaDxhuNguS2XG+GjkyMwOzsN5ZktImfhLA=="
				},
				"object.fromentries": {
					"version": "2.0.0",
					"resolved": "https://registry.npmjs.org/object.fromentries/-/object.fromentries-2.0.0.tgz",
					"integrity": "sha512-9iLiI6H083uiqUuvzyY6qrlmc/Gz8hLQFOcb/Ri/0xXFkSNS3ctV+CbE6yM2+AnkYfOB3dGjdzC0wrMLIhQICA==",
					"requires": {
						"define-properties": "^1.1.2",
						"es-abstract": "^1.11.0",
						"function-bind": "^1.1.1",
						"has": "^1.0.1"
					}
				},
				"path-parse": {
					"version": "1.0.6",
					"resolved": "https://registry.npmjs.org/path-parse/-/path-parse-1.0.6.tgz",
					"integrity": "sha512-GSmOT2EbHrINBf9SR7CDELwlJ8AENk3Qn7OikK4nFYAu3Ote2+JYNVvkpAEQm3/TLNEJFD/xZJjzyxg3KBWOzw=="
				},
				"prop-types": {
					"version": "15.7.2",
					"resolved": "https://registry.npmjs.org/prop-types/-/prop-types-15.7.2.tgz",
					"integrity": "sha512-8QQikdH7//R2vurIJSutZ1smHYTcLpRWEOlHnzcWHmBYrOGUysKwSsrC89BCiFj3CbrfJ/nXFdJepOVrY1GCHQ==",
					"requires": {
						"loose-envify": "^1.4.0",
						"object-assign": "^4.1.1",
						"react-is": "^16.8.1"
					}
				},
				"react-is": {
					"version": "16.8.6",
					"resolved": "https://registry.npmjs.org/react-is/-/react-is-16.8.6.tgz",
					"integrity": "sha512-aUk3bHfZ2bRSVFFbbeVS4i+lNPZr3/WM5jT2J5omUVV1zzcs1nAaf3l51ctA5FFvCRbhrH0bdAsRRQddFJZPtA=="
				},
				"resolve": {
					"version": "1.10.0",
					"resolved": "https://registry.npmjs.org/resolve/-/resolve-1.10.0.tgz",
					"integrity": "sha512-3sUr9aq5OfSg2S9pNtPA9hL1FVEAjvfOC4leW0SNf/mpnaakz2a9femSd6LqAww2RaFctwyf1lCqnTHuF1rxDg==",
					"requires": {
						"path-parse": "^1.0.6"
					}
				}
			}
		},
		"event-as-promise": {
			"version": "1.0.5",
			"resolved": "https://registry.npmjs.org/event-as-promise/-/event-as-promise-1.0.5.tgz",
			"integrity": "sha512-z/WIlyou7oTvXBjm5YYjfklr2d8gUWtx8b5GAcrIs1n1D35f7NIK0CrcYSXbY3VYikG9bUan+wScPyGXL/NH4A=="
		},
		"events": {
			"version": "3.0.0",
			"resolved": "https://registry.npmjs.org/events/-/events-3.0.0.tgz",
			"integrity": "sha512-Dc381HFWJzEOhQ+d8pkNon++bk9h6cdAoAj4iE6Q4y6xgTzySWXlKn05/TVNpjnfRqi/X0EpJEJohPjNI3zpVA=="
		},
		"fbjs": {
			"version": "0.8.17",
			"resolved": "https://registry.npmjs.org/fbjs/-/fbjs-0.8.17.tgz",
			"integrity": "sha1-xNWY6taUkRJlPWWIsBpc3Nn5D90=",
			"requires": {
				"core-js": "^1.0.0",
				"isomorphic-fetch": "^2.1.1",
				"loose-envify": "^1.0.0",
				"object-assign": "^4.1.0",
				"promise": "^7.1.1",
				"setimmediate": "^1.0.5",
				"ua-parser-js": "^0.7.18"
			},
			"dependencies": {
				"core-js": {
					"version": "1.2.7",
					"resolved": "https://registry.npmjs.org/core-js/-/core-js-1.2.7.tgz",
					"integrity": "sha1-ZSKUwUZR2yj6k70tX/KYOk8IxjY="
				}
			}
		},
		"glamor": {
			"version": "2.20.40",
			"resolved": "https://registry.npmjs.org/glamor/-/glamor-2.20.40.tgz",
			"integrity": "sha512-DNXCd+c14N9QF8aAKrfl4xakPk5FdcFwmH7sD0qnC0Pr7xoZ5W9yovhUrY/dJc3psfGGXC58vqQyRtuskyUJxA==",
			"requires": {
				"fbjs": "^0.8.12",
				"inline-style-prefixer": "^3.0.6",
				"object-assign": "^4.1.1",
				"prop-types": "^15.5.10",
				"through": "^2.3.8"
			}
		},
		"has-flag": {
			"version": "3.0.0",
			"resolved": "https://registry.npmjs.org/has-flag/-/has-flag-3.0.0.tgz",
			"integrity": "sha1-tdRU3CGZriJWmfNGfloH87lVuv0="
		},
		"hoist-non-react-statics": {
			"version": "3.3.0",
			"resolved": "https://registry.npmjs.org/hoist-non-react-statics/-/hoist-non-react-statics-3.3.0.tgz",
			"integrity": "sha512-0XsbTXxgiaCDYDIWFcwkmerZPSwywfUqYmwT4jzewKTQSWoE6FCMoUVOeBJWK3E/CrWbxRG3m5GzY4lnIwGRBA==",
			"requires": {
				"react-is": "^16.7.0"
			}
		},
		"htmlparser2": {
			"version": "3.10.1",
			"resolved": "https://registry.npmjs.org/htmlparser2/-/htmlparser2-3.10.1.tgz",
			"integrity": "sha512-IgieNijUMbkDovyoKObU1DUhm1iwNYE/fuifEoEHfd1oZKZDaONBSkal7Y01shxsM49R4XaMdGez3WnF9UfiCQ==",
			"requires": {
				"domelementtype": "^1.3.1",
				"domhandler": "^2.3.0",
				"domutils": "^1.5.1",
				"entities": "^1.1.1",
				"inherits": "^2.0.1",
				"readable-stream": "^3.1.1"
			}
		},
		"hyphenate-style-name": {
			"version": "1.0.3",
			"resolved": "https://registry.npmjs.org/hyphenate-style-name/-/hyphenate-style-name-1.0.3.tgz",
			"integrity": "sha512-EcuixamT82oplpoJ2XU4pDtKGWQ7b00CD9f1ug9IaQ3p1bkHMiKCZ9ut9QDI6qsa6cpUuB+A/I+zLtdNK4n2DQ=="
		},
		"iconv-lite": {
			"version": "0.4.24",
			"resolved": "https://registry.npmjs.org/iconv-lite/-/iconv-lite-0.4.24.tgz",
			"integrity": "sha512-v3MXnZAcvnywkTUEZomIActle7RXXeedOR31wwl7VlyoXO4Qi9arvSenNQWne1TcRwhCL1HwLI21bEqdpj8/rA==",
			"requires": {
				"safer-buffer": ">= 2.1.2 < 3"
			}
		},
		"inherits": {
			"version": "2.0.3",
			"resolved": "https://registry.npmjs.org/inherits/-/inherits-2.0.3.tgz",
			"integrity": "sha1-Yzwsg+PaQqUC9SRmAiSA9CCCYd4="
		},
		"inline-style-prefixer": {
			"version": "3.0.8",
			"resolved": "https://registry.npmjs.org/inline-style-prefixer/-/inline-style-prefixer-3.0.8.tgz",
			"integrity": "sha1-hVG45bTVcyROZqNLBPfTIHaitTQ=",
			"requires": {
				"bowser": "^1.7.3",
				"css-in-js-utils": "^2.0.0"
			}
		},
		"invariant": {
			"version": "2.2.4",
			"resolved": "https://registry.npmjs.org/invariant/-/invariant-2.2.4.tgz",
			"integrity": "sha512-phJfQVBuaJM5raOpJjSfkiD6BpbCE4Ns//LaXl6wGYtUBY83nWS6Rf9tXm2e8VaK60JEjYldbPif/A2B1C2gNA==",
			"requires": {
				"loose-envify": "^1.0.0"
			}
		},
		"is-stream": {
			"version": "1.1.0",
			"resolved": "https://registry.npmjs.org/is-stream/-/is-stream-1.1.0.tgz",
			"integrity": "sha1-EtSj3U5o4Lec6428hBc66A2RykQ="
		},
		"isobject": {
			"version": "3.0.1",
			"resolved": "https://registry.npmjs.org/isobject/-/isobject-3.0.1.tgz",
			"integrity": "sha1-TkMekrEalzFjaqH5yNHMvP2reN8="
		},
		"isomorphic-fetch": {
			"version": "2.2.1",
			"resolved": "https://registry.npmjs.org/isomorphic-fetch/-/isomorphic-fetch-2.2.1.tgz",
			"integrity": "sha1-YRrhrPFPXoH3KVB0coGf6XM1WKk=",
			"requires": {
				"node-fetch": "^1.0.1",
				"whatwg-fetch": ">=0.10.0"
			}
		},
		"js-tokens": {
			"version": "4.0.0",
			"resolved": "https://registry.npmjs.org/js-tokens/-/js-tokens-4.0.0.tgz",
			"integrity": "sha512-RdJUflcE3cUzKiMqQgsCu06FPu9UdIJO0beYbPhHN4k6apgJtifcoCtT9bcxOpYBtpD2kCM6Sbzg4CausW/PKQ=="
		},
		"jsonwebtoken": {
			"version": "8.5.1",
			"resolved": "https://registry.npmjs.org/jsonwebtoken/-/jsonwebtoken-8.5.1.tgz",
			"integrity": "sha512-XjwVfRS6jTMsqYs0EsuJ4LGxXV14zQybNd4L2r0UvbVnSF9Af8x7p5MzbJ90Ioz/9TI41/hTCvznF/loiSzn8w==",
			"requires": {
				"jws": "^3.2.2",
				"lodash.includes": "^4.3.0",
				"lodash.isboolean": "^3.0.3",
				"lodash.isinteger": "^4.0.4",
				"lodash.isnumber": "^3.0.3",
				"lodash.isplainobject": "^4.0.6",
				"lodash.isstring": "^4.0.1",
				"lodash.once": "^4.0.0",
				"ms": "^2.1.1",
				"semver": "^5.6.0"
			}
		},
		"jwa": {
			"version": "1.4.1",
			"resolved": "https://registry.npmjs.org/jwa/-/jwa-1.4.1.tgz",
			"integrity": "sha512-qiLX/xhEEFKUAJ6FiBMbes3w9ATzyk5W7Hvzpa/SLYdxNtng+gcurvrI7TbACjIXlsJyr05/S1oUhZrc63evQA==",
			"requires": {
				"buffer-equal-constant-time": "1.0.1",
				"ecdsa-sig-formatter": "1.0.11",
				"safe-buffer": "^5.0.1"
			}
		},
		"jws": {
			"version": "3.2.2",
			"resolved": "https://registry.npmjs.org/jws/-/jws-3.2.2.tgz",
			"integrity": "sha512-YHlZCB6lMTllWDtSPHz/ZXTsi8S00usEV6v1tjq8tOUZzw7DpSDWVXjXDre6ed1w/pd495ODpHZYSdkRTsa0HA==",
			"requires": {
				"jwa": "^1.4.1",
				"safe-buffer": "^5.0.1"
			}
		},
		"linkify-it": {
			"version": "2.1.0",
			"resolved": "https://registry.npmjs.org/linkify-it/-/linkify-it-2.1.0.tgz",
			"integrity": "sha512-4REs8/062kV2DSHxNfq5183zrqXMl7WP0WzABH9IeJI+NLm429FgE1PDecltYfnOoFDFlZGh2T8PfZn0r+GTRg==",
			"requires": {
				"uc.micro": "^1.0.1"
			}
		},
		"lodash.clonedeep": {
			"version": "4.5.0",
			"resolved": "https://registry.npmjs.org/lodash.clonedeep/-/lodash.clonedeep-4.5.0.tgz",
			"integrity": "sha1-4j8/nE+Pvd6HJSnBBxhXoIblzO8="
		},
		"lodash.escaperegexp": {
			"version": "4.1.2",
			"resolved": "https://registry.npmjs.org/lodash.escaperegexp/-/lodash.escaperegexp-4.1.2.tgz",
			"integrity": "sha1-ZHYsSGGAglGKw99Mz11YhtriA0c="
		},
		"lodash.includes": {
			"version": "4.3.0",
			"resolved": "https://registry.npmjs.org/lodash.includes/-/lodash.includes-4.3.0.tgz",
			"integrity": "sha1-YLuYqHy5I8aMoeUTJUgzFISfVT8="
		},
		"lodash.isboolean": {
			"version": "3.0.3",
			"resolved": "https://registry.npmjs.org/lodash.isboolean/-/lodash.isboolean-3.0.3.tgz",
			"integrity": "sha1-bC4XHbKiV82WgC/UOwGyDV9YcPY="
		},
		"lodash.isinteger": {
			"version": "4.0.4",
			"resolved": "https://registry.npmjs.org/lodash.isinteger/-/lodash.isinteger-4.0.4.tgz",
			"integrity": "sha1-YZwK89A/iwTDH1iChAt3sRzWg0M="
		},
		"lodash.isnumber": {
			"version": "3.0.3",
			"resolved": "https://registry.npmjs.org/lodash.isnumber/-/lodash.isnumber-3.0.3.tgz",
			"integrity": "sha1-POdoEMWSjQM1IwGsKHMX8RwLH/w="
		},
		"lodash.isplainobject": {
			"version": "4.0.6",
			"resolved": "https://registry.npmjs.org/lodash.isplainobject/-/lodash.isplainobject-4.0.6.tgz",
			"integrity": "sha1-fFJqUtibRcRcxpC4gWO+BJf1UMs="
		},
		"lodash.isstring": {
			"version": "4.0.1",
			"resolved": "https://registry.npmjs.org/lodash.isstring/-/lodash.isstring-4.0.1.tgz",
			"integrity": "sha1-1SfftUVuynzJu5XV2ur4i6VKVFE="
		},
		"lodash.mergewith": {
			"version": "4.6.1",
			"resolved": "https://registry.npmjs.org/lodash.mergewith/-/lodash.mergewith-4.6.1.tgz",
			"integrity": "sha512-eWw5r+PYICtEBgrBE5hhlT6aAa75f411bgDz/ZL2KZqYV03USvucsxcHUIlGTDTECs1eunpI7HOV7U+WLDvNdQ=="
		},
		"lodash.once": {
			"version": "4.1.1",
			"resolved": "https://registry.npmjs.org/lodash.once/-/lodash.once-4.1.1.tgz",
			"integrity": "sha1-DdOXEhPHxW34gJd9UEyI+0cal6w="
		},
		"loose-envify": {
			"version": "1.4.0",
			"resolved": "https://registry.npmjs.org/loose-envify/-/loose-envify-1.4.0.tgz",
			"integrity": "sha512-lyuxPGr/Wfhrlem2CL/UcnUc1zcqKAImBDzukY7Y5F/yQiNdko6+fRLevlw1HgMySw7f611UIY408EtxRSoK3Q==",
			"requires": {
				"js-tokens": "^3.0.0 || ^4.0.0"
			}
		},
		"markdown-it-for-inline": {
			"version": "0.1.1",
			"resolved": "https://registry.npmjs.org/markdown-it-for-inline/-/markdown-it-for-inline-0.1.1.tgz",
			"integrity": "sha1-Q18jFvW15o4UUM+iJC8rjVmtx18="
		},
		"math-random": {
			"version": "1.0.4",
			"resolved": "https://registry.npmjs.org/math-random/-/math-random-1.0.4.tgz",
			"integrity": "sha512-rUxjysqif/BZQH2yhd5Aaq7vXMSx9NdEsQcyA07uEzIvxgI7zIr33gGsh+RU0/XjmQpCW7RsVof1vlkvQVCK5A=="
		},
		"mdurl": {
			"version": "1.0.1",
			"resolved": "https://registry.npmjs.org/mdurl/-/mdurl-1.0.1.tgz",
			"integrity": "sha1-/oWy7HWlkDfyrf7BAP1sYBdhFS4="
		},
		"memoize-one": {
			"version": "5.0.4",
			"resolved": "https://registry.npmjs.org/memoize-one/-/memoize-one-5.0.4.tgz",
			"integrity": "sha512-P0z5IeAH6qHHGkJIXWw0xC2HNEgkx/9uWWBQw64FJj3/ol14VYdfVGWWr0fXfjhhv3TKVIqUq65os6O4GUNksA=="
		},
		"microsoft-speech-browser-sdk": {
			"version": "0.0.12",
			"resolved": "https://registry.npmjs.org/microsoft-speech-browser-sdk/-/microsoft-speech-browser-sdk-0.0.12.tgz",
			"integrity": "sha512-JYIR/WpaCyV1wk+4ff3kSJMqJFehbeApzG9CJxR+mN3z+4hFKGB/D5GaFsdN5WtRvnrekzUYSOv2nljMQb3Nwg=="
		},
		"mime": {
			"version": "2.4.2",
			"resolved": "https://registry.npmjs.org/mime/-/mime-2.4.2.tgz",
			"integrity": "sha512-zJBfZDkwRu+j3Pdd2aHsR5GfH2jIWhmL1ZzBoc+X+3JEti2hbArWcyJ+1laC1D2/U/W1a/+Cegj0/OnEU2ybjg=="
		},
		"ms": {
			"version": "2.1.1",
			"resolved": "https://registry.npmjs.org/ms/-/ms-2.1.1.tgz",
			"integrity": "sha512-tgp+dl5cGk28utYktBsrFqA7HKgrhgPsg6Z/EfhWI4gl1Hwq8B/GmY/0oXZ6nF8hDVesS/FpnYaD/kOWhYQvyg=="
		},
		"node-fetch": {
			"version": "1.7.3",
			"resolved": "https://registry.npmjs.org/node-fetch/-/node-fetch-1.7.3.tgz",
			"integrity": "sha512-NhZ4CsKx7cYm2vSrBAr2PvFOe6sWDf0UYLRqA6svUYg7+/TSfVAu49jYC4BvQ4Sms9SZgdqGBgroqfDhJdTyKQ==",
			"requires": {
				"encoding": "^0.1.11",
				"is-stream": "^1.0.1"
			}
		},
		"number-is-nan": {
			"version": "1.0.1",
			"resolved": "https://registry.npmjs.org/number-is-nan/-/number-is-nan-1.0.1.tgz",
			"integrity": "sha1-CXtgK1NCKlIsGvuHkDGDNpQaAR0="
		},
		"object-assign": {
			"version": "4.1.1",
			"resolved": "https://registry.npmjs.org/object-assign/-/object-assign-4.1.1.tgz",
			"integrity": "sha1-IQmtx5ZYh8/AXLvUQsrIv7s2CGM="
		},
		"postcss": {
			"version": "7.0.14",
			"resolved": "https://registry.npmjs.org/postcss/-/postcss-7.0.14.tgz",
			"integrity": "sha512-NsbD6XUUMZvBxtQAJuWDJeeC4QFsmWsfozWxCJPWf3M55K9iu2iMDaKqyoOdTJ1R4usBXuxlVFAIo8rZPQD4Bg==",
			"requires": {
				"chalk": "^2.4.2",
				"source-map": "^0.6.1",
				"supports-color": "^6.1.0"
			},
			"dependencies": {
				"supports-color": {
					"version": "6.1.0",
					"resolved": "https://registry.npmjs.org/supports-color/-/supports-color-6.1.0.tgz",
					"integrity": "sha512-qe1jfm1Mg7Nq/NSh6XE24gPXROEVsWHxC1LIx//XNlD9iw7YZQGjZNjYN7xGaEG6iKdA8EtNFW6R0gjnVXp+wQ==",
					"requires": {
						"has-flag": "^3.0.0"
					}
				}
			}
		},
		"promise": {
			"version": "7.3.1",
			"resolved": "https://registry.npmjs.org/promise/-/promise-7.3.1.tgz",
			"integrity": "sha512-nolQXZ/4L+bP/UGlkfaIujX9BKxGwmQ9OT4mOt5yvy8iK1h3wqTEJCijzGANTCCl9nWjY41juyAn2K3Q1hLLTg==",
			"requires": {
				"asap": "~2.0.3"
			}
		},
		"prop-types": {
			"version": "15.7.2",
			"resolved": "https://registry.npmjs.org/prop-types/-/prop-types-15.7.2.tgz",
			"integrity": "sha512-8QQikdH7//R2vurIJSutZ1smHYTcLpRWEOlHnzcWHmBYrOGUysKwSsrC89BCiFj3CbrfJ/nXFdJepOVrY1GCHQ==",
			"requires": {
				"loose-envify": "^1.4.0",
				"object-assign": "^4.1.1",
				"react-is": "^16.8.1"
			}
		},
		"react-dictate-button": {
			"version": "1.1.3",
			"resolved": "https://registry.npmjs.org/react-dictate-button/-/react-dictate-button-1.1.3.tgz",
			"integrity": "sha512-4Od7sTAEIvPKpZbpy1tCv7qqfRNwLnZom9hrLnNvr1FIWjSOYC94ekAP8S5kevqnVaFvSqwFisCmjd3uLmvsrA==",
			"requires": {
				"classnames": "^2.2.6",
				"glamor": "^2.20.40",
				"memoize-one": "^4.0.0"
			},
			"dependencies": {
				"memoize-one": {
					"version": "4.0.3",
					"resolved": "https://registry.npmjs.org/memoize-one/-/memoize-one-4.0.3.tgz",
					"integrity": "sha512-QmpUu4KqDmX0plH4u+tf0riMc1KHE1+lw95cMrLlXQAFOx/xnBtwhZ52XJxd9X2O6kwKBqX32kmhbhlobD0cuw=="
				}
			}
		},
		"react-film": {
			"version": "1.2.1-master.db29968",
			"resolved": "https://registry.npmjs.org/react-film/-/react-film-1.2.1-master.db29968.tgz",
			"integrity": "sha512-C0RN0tBbyrt8f16GZ8fTqvzCdOuR3cKFlHR5rvwvW1I5RiUmJW0waimgogVeuUsfZ9gsnupeIeR52gOnFer5JQ==",
			"requires": {
				"classnames": "^2.2.6",
				"glamor": "^2.20.40",
				"memoize-one": "^5.0.4"
			}
		},
		"react-is": {
			"version": "16.8.6",
			"resolved": "https://registry.npmjs.org/react-is/-/react-is-16.8.6.tgz",
			"integrity": "sha512-aUk3bHfZ2bRSVFFbbeVS4i+lNPZr3/WM5jT2J5omUVV1zzcs1nAaf3l51ctA5FFvCRbhrH0bdAsRRQddFJZPtA=="
		},
		"react-lifecycles-compat": {
			"version": "3.0.4",
			"resolved": "https://registry.npmjs.org/react-lifecycles-compat/-/react-lifecycles-compat-3.0.4.tgz",
			"integrity": "sha512-fBASbA6LnOU9dOU2eW7aQ8xmYBSXUIWr+UmF9b1efZBazGNO+rcXT/icdKnYm2pTwcRylVUYwW7H1PHfLekVzA=="
		},
		"react-say": {
			"version": "1.1.2-master.fd0600e",
			"resolved": "https://registry.npmjs.org/react-say/-/react-say-1.1.2-master.fd0600e.tgz",
			"integrity": "sha512-kxRjltdZMD9RKmAKDGQ9zvvXuLvOyFIv5IUfAxaYT0Kp4aU51RAuOKH5h9qZwisjrW1lgb3gSzrxtvu9GOqbsw==",
			"requires": {
				"babel-runtime": "^6.26.0",
				"classnames": "^2.2.6",
				"event-as-promise": "^1.0.3",
				"glamor": "^2.20.40",
				"memoize-one": "^4.0.0"
			},
			"dependencies": {
				"memoize-one": {
					"version": "4.0.3",
					"resolved": "https://registry.npmjs.org/memoize-one/-/memoize-one-4.0.3.tgz",
					"integrity": "sha512-QmpUu4KqDmX0plH4u+tf0riMc1KHE1+lw95cMrLlXQAFOx/xnBtwhZ52XJxd9X2O6kwKBqX32kmhbhlobD0cuw=="
				}
			}
		},
		"react-scroll-to-bottom": {
			"version": "1.3.1",
			"resolved": "https://registry.npmjs.org/react-scroll-to-bottom/-/react-scroll-to-bottom-1.3.1.tgz",
			"integrity": "sha512-lkQcQOkp1voJzKQSuxkOiqfSOVAQfABspLOPw75c/PiwqqKro0SnJSV3Nay0QjuV/oONfnqMDChlL1XwxdcBCw==",
			"requires": {
				"classnames": "^2.2.6",
				"glamor": "^2.20.40",
				"memoize-one": "^4.0.2",
				"simple-update-in": "^1.4.0"
			},
			"dependencies": {
				"memoize-one": {
					"version": "4.0.3",
					"resolved": "https://registry.npmjs.org/memoize-one/-/memoize-one-4.0.3.tgz",
					"integrity": "sha512-QmpUu4KqDmX0plH4u+tf0riMc1KHE1+lw95cMrLlXQAFOx/xnBtwhZ52XJxd9X2O6kwKBqX32kmhbhlobD0cuw=="
				}
			}
		},
		"readable-stream": {
			"version": "3.3.0",
			"resolved": "https://registry.npmjs.org/readable-stream/-/readable-stream-3.3.0.tgz",
			"integrity": "sha512-EsI+s3k3XsW+fU8fQACLN59ky34AZ14LoeVZpYwmZvldCFo0r0gnelwF2TcMjLor/BTL5aDJVBMkss0dthToPw==",
			"requires": {
				"inherits": "^2.0.3",
				"string_decoder": "^1.1.1",
				"util-deprecate": "^1.0.1"
			}
		},
		"regenerator-runtime": {
			"version": "0.13.2",
			"resolved": "https://registry.npmjs.org/regenerator-runtime/-/regenerator-runtime-0.13.2.tgz",
			"integrity": "sha512-S/TQAZJO+D3m9xeN1WTI8dLKBBiRgXBlTJvbWjCThHWZj9EvHK70Ff50/tYj2J/fvBY6JtFVwRuazHN2E7M9BA=="
		},
		"rxjs": {
			"version": "5.5.12",
			"resolved": "https://registry.npmjs.org/rxjs/-/rxjs-5.5.12.tgz",
			"integrity": "sha512-xx2itnL5sBbqeeiVgNPVuQQ1nC8Jp2WfNJhXWHmElW9YmrpS9UVnNzhP3EH3HFqexO5Tlp8GhYY+WEcqcVMvGw==",
			"requires": {
				"symbol-observable": "1.0.1"
			}
		},
		"safe-buffer": {
			"version": "5.1.2",
			"resolved": "https://registry.npmjs.org/safe-buffer/-/safe-buffer-5.1.2.tgz",
			"integrity": "sha512-Gd2UZBJDkXlY7GbJxfsE8/nvKkUEU1G38c1siN6QP6a9PT9MmHB8GnpscSmMJSoF8LOIrt8ud/wPtojys4G6+g=="
		},
		"safer-buffer": {
			"version": "2.1.2",
			"resolved": "https://registry.npmjs.org/safer-buffer/-/safer-buffer-2.1.2.tgz",
			"integrity": "sha512-YZo3K82SD7Riyi0E1EQPojLz7kpepnSQI9IyPbHHg1XXXevb5dJI7tpyN2ADxGcQbHG7vcyRHk0cbwqcQriUtg=="
		},
		"sanitize-html": {
			"version": "1.20.1",
			"resolved": "https://registry.npmjs.org/sanitize-html/-/sanitize-html-1.20.1.tgz",
			"integrity": "sha512-txnH8TQjaQvg2Q0HY06G6CDJLVYCpbnxrdO0WN8gjCKaU5J0KbyGYhZxx5QJg3WLZ1lB7XU9kDkfrCXUozqptA==",
			"requires": {
				"chalk": "^2.4.1",
				"htmlparser2": "^3.10.0",
				"lodash.clonedeep": "^4.5.0",
				"lodash.escaperegexp": "^4.1.2",
				"lodash.isplainobject": "^4.0.6",
				"lodash.isstring": "^4.0.1",
				"lodash.mergewith": "^4.6.1",
				"postcss": "^7.0.5",
				"srcset": "^1.0.0",
				"xtend": "^4.0.1"
			}
		},
		"scheduler": {
			"version": "0.13.6",
			"resolved": "https://registry.npmjs.org/scheduler/-/scheduler-0.13.6.tgz",
			"integrity": "sha512-IWnObHt413ucAYKsD9J1QShUKkbKLQQHdxRyw73sw4FN26iWr3DY/H34xGPe4nmL1DwXyWmSWmMrA9TfQbE/XQ==",
			"requires": {
				"loose-envify": "^1.1.0",
				"object-assign": "^4.1.1"
			}
		},
		"semver": {
			"version": "5.7.0",
			"resolved": "https://registry.npmjs.org/semver/-/semver-5.7.0.tgz",
			"integrity": "sha512-Ya52jSX2u7QKghxeoFGpLwCtGlt7j0oY9DYb5apt9nPlJ42ID+ulTXESnt/qAQcoSERyZ5sl3LDIOw0nAn/5DA=="
		},
		"setimmediate": {
			"version": "1.0.5",
			"resolved": "https://registry.npmjs.org/setimmediate/-/setimmediate-1.0.5.tgz",
			"integrity": "sha1-KQy7Iy4waULX1+qbg3Mqt4VvgoU="
		},
		"simple-update-in": {
			"version": "1.4.0",
			"resolved": "https://registry.npmjs.org/simple-update-in/-/simple-update-in-1.4.0.tgz",
			"integrity": "sha512-gb8cWM8KxvF0TbBSFagp0Bw13dk5HBjBVLx8N8pXg4CcVyLiEuu3xxYHLfFEZRn+bYjMCkxjEB8upbWmAVOIyQ=="
		},
		"source-map": {
			"version": "0.6.1",
			"resolved": "https://registry.npmjs.org/source-map/-/source-map-0.6.1.tgz",
			"integrity": "sha512-UjgapumWlbMhkBgzT7Ykc5YXUT46F0iKu8SGXq0bcwP5dz/h0Plj6enJqjz1Zbq2l5WaqYnrVbwWOWMyF3F47g=="
		},
		"sprintf-js": {
			"version": "1.0.3",
			"resolved": "https://registry.npmjs.org/sprintf-js/-/sprintf-js-1.0.3.tgz",
			"integrity": "sha1-BOaSb2YolTVPPdAVIDYzuFcpfiw="
		},
		"srcset": {
			"version": "1.0.0",
			"resolved": "https://registry.npmjs.org/srcset/-/srcset-1.0.0.tgz",
			"integrity": "sha1-pWad4StC87HV6D7QPHEEb8SPQe8=",
			"requires": {
				"array-uniq": "^1.0.2",
				"number-is-nan": "^1.0.0"
			}
		},
		"string_decoder": {
			"version": "1.2.0",
			"resolved": "https://registry.npmjs.org/string_decoder/-/string_decoder-1.2.0.tgz",
			"integrity": "sha512-6YqyX6ZWEYguAxgZzHGL7SsCeGx3V2TtOTqZz1xSTSWnqsbWwbptafNyvf/ACquZUXV3DANr5BDIwNYe1mN42w==",
			"requires": {
				"safe-buffer": "~5.1.0"
			}
		},
		"supports-color": {
			"version": "5.5.0",
			"resolved": "https://registry.npmjs.org/supports-color/-/supports-color-5.5.0.tgz",
			"integrity": "sha512-QjVjwdXIt408MIiAqCX4oUKsgU2EqAGzs2Ppkm4aQYbjm+ZEWEcW4SfFNTr4uMNZma0ey4f5lgLrkB0aX0QMow==",
			"requires": {
				"has-flag": "^3.0.0"
			}
		},
		"symbol-observable": {
			"version": "1.0.1",
			"resolved": "https://registry.npmjs.org/symbol-observable/-/symbol-observable-1.0.1.tgz",
			"integrity": "sha1-g0D8RwLDEi310iKI+IKD9RPT/dQ="
		},
		"through": {
			"version": "2.3.8",
			"resolved": "https://registry.npmjs.org/through/-/through-2.3.8.tgz",
			"integrity": "sha1-DdTJ/6q8NXlgsbckEV1+Doai4fU="
		},
		"ua-parser-js": {
			"version": "0.7.19",
			"resolved": "https://registry.npmjs.org/ua-parser-js/-/ua-parser-js-0.7.19.tgz",
			"integrity": "sha512-T3PVJ6uz8i0HzPxOF9SWzWAlfN/DavlpQqepn22xgve/5QecC+XMCAtmUNnY7C9StehaV6exjUCI801lOI7QlQ=="
		},
		"uc.micro": {
			"version": "1.0.6",
			"resolved": "https://registry.npmjs.org/uc.micro/-/uc.micro-1.0.6.tgz",
			"integrity": "sha512-8Y75pvTYkLJW2hWQHXxoqRgV7qb9B+9vFEtidML+7koHUFapnVJAZ6cKs+Qjz5Aw3aZWHMC6u0wJE3At+nSGwA=="
		},
		"url-search-params-polyfill": {
			"version": "5.1.0",
			"resolved": "https://registry.npmjs.org/url-search-params-polyfill/-/url-search-params-polyfill-5.1.0.tgz",
			"integrity": "sha512-yjFY7uw2xRf9e8Mg4ZVkZwtp8dMCC4cbBkEIZiTDpuSY2WJ9+Quw0wRhxncv32qaMQwmBQT+P847rO8PrFhhDA=="
		},
		"util-deprecate": {
			"version": "1.0.2",
			"resolved": "https://registry.npmjs.org/util-deprecate/-/util-deprecate-1.0.2.tgz",
			"integrity": "sha1-RQ1Nyfpw3nMnYvvS1KKJgUGaDM8="
		},
		"web-speech-cognitive-services": {
			"version": "4.0.0",
			"resolved": "https://registry.npmjs.org/web-speech-cognitive-services/-/web-speech-cognitive-services-4.0.0.tgz",
			"integrity": "sha512-cUe9EQPKpkCZpxj6XHL8mQv9+PPDX0eErXKtflbVuQnQ9PggXpmUQVXTu4jfK2rFxnX2i6QYnxHlEcgl6dk60g==",
			"requires": {
				"@babel/runtime": "^7.1.2",
				"event-as-promise": "^1.0.5",
				"events": "^3.0.0",
				"memoize-one": "^4.0.0",
				"simple-update-in": "^1.2.0"
			},
			"dependencies": {
				"@babel/runtime": {
					"version": "7.4.4",
					"resolved": "https://registry.npmjs.org/@babel/runtime/-/runtime-7.4.4.tgz",
					"integrity": "sha512-w0+uT71b6Yi7i5SE0co4NioIpSYS6lLiXvCzWzGSKvpK5vdQtCbICHMj+gbAKAOtxiV6HsVh/MBdaF9EQ6faSg==",
					"requires": {
						"regenerator-runtime": "^0.13.2"
					}
				},
				"memoize-one": {
					"version": "4.0.3",
					"resolved": "https://registry.npmjs.org/memoize-one/-/memoize-one-4.0.3.tgz",
					"integrity": "sha512-QmpUu4KqDmX0plH4u+tf0riMc1KHE1+lw95cMrLlXQAFOx/xnBtwhZ52XJxd9X2O6kwKBqX32kmhbhlobD0cuw=="
				}
			}
		},
		"whatwg-fetch": {
			"version": "3.0.0",
			"resolved": "https://registry.npmjs.org/whatwg-fetch/-/whatwg-fetch-3.0.0.tgz",
			"integrity": "sha512-9GSJUgz1D4MfyKU7KRqwOjXCXTqWdFNvEr7eUBYchQiVc744mqK/MzXPNR2WsPkmkOa4ywfg8C2n8h+13Bey1Q=="
		},
		"xtend": {
			"version": "4.0.1",
			"resolved": "https://registry.npmjs.org/xtend/-/xtend-4.0.1.tgz",
			"integrity": "sha1-pcbVMr5lbiPbgg77lDofBJmNY68="
		}
	}
}
