{
	"name": "@bfemulator/extension-bot-state-visualizer",
	"version": "1.0.0",
	"lockfileVersion": 1,
	"requires": true,
	"dependencies": {
		"@babel/plugin-proposal-decorators": {
			"version": "7.4.0",
			"resolved": "https://registry.npmjs.org/@babel/plugin-proposal-decorators/-/plugin-proposal-decorators-7.4.0.tgz",
			"integrity": "sha512-d08TLmXeK/XbgCo7ZeZ+JaeZDtDai/2ctapTRsWWkkmy7G/cqz8DQN/HlWG7RR4YmfXxmExsbU3SuCjlM7AtUg==",
			"dev": true,
			"requires": {
				"@babel/helper-create-class-features-plugin": "^7.4.0",
				"@babel/helper-plugin-utils": "^7.0.0",
				"@babel/plugin-syntax-decorators": "^7.2.0"
			},
			"dependencies": {
				"@babel/code-frame": {
					"version": "7.0.0",
					"resolved": "https://registry.npmjs.org/@babel/code-frame/-/code-frame-7.0.0.tgz",
					"integrity": "sha512-OfC2uemaknXr87bdLUkWog7nYuliM9Ij5HUcajsVcMCpQrcLmtxRbVFTIqmcSkSeYRBFBRxs2FiUqFJDLdiebA==",
					"dev": true,
					"requires": {
						"@babel/highlight": "^7.0.0"
					}
				},
				"@babel/generator": {
					"version": "7.4.0",
					"resolved": "https://registry.npmjs.org/@babel/generator/-/generator-7.4.0.tgz",
					"integrity": "sha512-/v5I+a1jhGSKLgZDcmAUZ4K/VePi43eRkUs3yePW1HB1iANOD5tqJXwGSG4BZhSksP8J9ejSlwGeTiiOFZOrXQ==",
					"dev": true,
					"requires": {
						"@babel/types": "^7.4.0",
						"jsesc": "^2.5.1",
						"lodash": "^4.17.11",
						"source-map": "^0.5.0",
						"trim-right": "^1.0.1"
					}
				},
				"@babel/helper-create-class-features-plugin": {
					"version": "7.4.3",
					"resolved": "https://registry.npmjs.org/@babel/helper-create-class-features-plugin/-/helper-create-class-features-plugin-7.4.3.tgz",
					"integrity": "sha512-UMl3TSpX11PuODYdWGrUeW6zFkdYhDn7wRLrOuNVM6f9L+S9CzmDXYyrp3MTHcwWjnzur1f/Op8A7iYZWya2Yg==",
					"dev": true,
					"requires": {
						"@babel/helper-function-name": "^7.1.0",
						"@babel/helper-member-expression-to-functions": "^7.0.0",
						"@babel/helper-optimise-call-expression": "^7.0.0",
						"@babel/helper-plugin-utils": "^7.0.0",
						"@babel/helper-replace-supers": "^7.4.0",
						"@babel/helper-split-export-declaration": "^7.4.0"
					}
				},
				"@babel/helper-function-name": {
					"version": "7.1.0",
					"resolved": "https://registry.npmjs.org/@babel/helper-function-name/-/helper-function-name-7.1.0.tgz",
					"integrity": "sha512-A95XEoCpb3TO+KZzJ4S/5uW5fNe26DjBGqf1o9ucyLyCmi1dXq/B3c8iaWTfBk3VvetUxl16e8tIrd5teOCfGw==",
					"dev": true,
					"requires": {
						"@babel/helper-get-function-arity": "^7.0.0",
						"@babel/template": "^7.1.0",
						"@babel/types": "^7.0.0"
					}
				},
				"@babel/helper-get-function-arity": {
					"version": "7.0.0",
					"resolved": "https://registry.npmjs.org/@babel/helper-get-function-arity/-/helper-get-function-arity-7.0.0.tgz",
					"integrity": "sha512-r2DbJeg4svYvt3HOS74U4eWKsUAMRH01Z1ds1zx8KNTPtpTL5JAsdFv8BNyOpVqdFhHkkRDIg5B4AsxmkjAlmQ==",
					"dev": true,
					"requires": {
						"@babel/types": "^7.0.0"
					}
				},
				"@babel/helper-member-expression-to-functions": {
					"version": "7.0.0",
					"resolved": "https://registry.npmjs.org/@babel/helper-member-expression-to-functions/-/helper-member-expression-to-functions-7.0.0.tgz",
					"integrity": "sha512-avo+lm/QmZlv27Zsi0xEor2fKcqWG56D5ae9dzklpIaY7cQMK5N8VSpaNVPPagiqmy7LrEjK1IWdGMOqPu5csg==",
					"dev": true,
					"requires": {
						"@babel/types": "^7.0.0"
					}
				},
				"@babel/helper-optimise-call-expression": {
					"version": "7.0.0",
					"resolved": "https://registry.npmjs.org/@babel/helper-optimise-call-expression/-/helper-optimise-call-expression-7.0.0.tgz",
					"integrity": "sha512-u8nd9NQePYNQV8iPWu/pLLYBqZBa4ZaY1YWRFMuxrid94wKI1QNt67NEZ7GAe5Kc/0LLScbim05xZFWkAdrj9g==",
					"dev": true,
					"requires": {
						"@babel/types": "^7.0.0"
					}
				},
				"@babel/helper-plugin-utils": {
					"version": "7.0.0",
					"resolved": "https://registry.npmjs.org/@babel/helper-plugin-utils/-/helper-plugin-utils-7.0.0.tgz",
					"integrity": "sha512-CYAOUCARwExnEixLdB6sDm2dIJ/YgEAKDM1MOeMeZu9Ld/bDgVo8aiWrXwcY7OBh+1Ea2uUcVRcxKk0GJvW7QA==",
					"dev": true
				},
				"@babel/helper-replace-supers": {
					"version": "7.4.0",
					"resolved": "https://registry.npmjs.org/@babel/helper-replace-supers/-/helper-replace-supers-7.4.0.tgz",
					"integrity": "sha512-PVwCVnWWAgnal+kJ+ZSAphzyl58XrFeSKSAJRiqg5QToTsjL+Xu1f9+RJ+d+Q0aPhPfBGaYfkox66k86thxNSg==",
					"dev": true,
					"requires": {
						"@babel/helper-member-expression-to-functions": "^7.0.0",
						"@babel/helper-optimise-call-expression": "^7.0.0",
						"@babel/traverse": "^7.4.0",
						"@babel/types": "^7.4.0"
					}
				},
				"@babel/helper-split-export-declaration": {
					"version": "7.4.0",
					"resolved": "https://registry.npmjs.org/@babel/helper-split-export-declaration/-/helper-split-export-declaration-7.4.0.tgz",
					"integrity": "sha512-7Cuc6JZiYShaZnybDmfwhY4UYHzI6rlqhWjaIqbsJGsIqPimEYy5uh3akSRLMg65LSdSEnJ8a8/bWQN6u2oMGw==",
					"dev": true,
					"requires": {
						"@babel/types": "^7.4.0"
					}
				},
				"@babel/highlight": {
					"version": "7.0.0",
					"resolved": "https://registry.npmjs.org/@babel/highlight/-/highlight-7.0.0.tgz",
					"integrity": "sha512-UFMC4ZeFC48Tpvj7C8UgLvtkaUuovQX+5xNWrsIoMG8o2z+XFKjKaN9iVmS84dPwVN00W4wPmqvYoZF3EGAsfw==",
					"dev": true,
					"requires": {
						"chalk": "^2.0.0",
						"esutils": "^2.0.2",
						"js-tokens": "^4.0.0"
					}
				},
				"@babel/parser": {
					"version": "7.4.3",
					"resolved": "https://registry.npmjs.org/@babel/parser/-/parser-7.4.3.tgz",
					"integrity": "sha512-gxpEUhTS1sGA63EGQGuA+WESPR/6tz6ng7tSHFCmaTJK/cGK8y37cBTspX+U2xCAue2IQVvF6Z0oigmjwD8YGQ==",
					"dev": true
				},
				"@babel/plugin-syntax-decorators": {
					"version": "7.2.0",
					"resolved": "https://registry.npmjs.org/@babel/plugin-syntax-decorators/-/plugin-syntax-decorators-7.2.0.tgz",
					"integrity": "sha512-38QdqVoXdHUQfTpZo3rQwqQdWtCn5tMv4uV6r2RMfTqNBuv4ZBhz79SfaQWKTVmxHjeFv/DnXVC/+agHCklYWA==",
					"dev": true,
					"requires": {
						"@babel/helper-plugin-utils": "^7.0.0"
					}
				},
				"@babel/template": {
					"version": "7.4.0",
					"resolved": "https://registry.npmjs.org/@babel/template/-/template-7.4.0.tgz",
					"integrity": "sha512-SOWwxxClTTh5NdbbYZ0BmaBVzxzTh2tO/TeLTbF6MO6EzVhHTnff8CdBXx3mEtazFBoysmEM6GU/wF+SuSx4Fw==",
					"dev": true,
					"requires": {
						"@babel/code-frame": "^7.0.0",
						"@babel/parser": "^7.4.0",
						"@babel/types": "^7.4.0"
					}
				},
				"@babel/traverse": {
					"version": "7.4.3",
					"resolved": "https://registry.npmjs.org/@babel/traverse/-/traverse-7.4.3.tgz",
					"integrity": "sha512-HmA01qrtaCwwJWpSKpA948cBvU5BrmviAief/b3AVw936DtcdsTexlbyzNuDnthwhOQ37xshn7hvQaEQk7ISYQ==",
					"dev": true,
					"requires": {
						"@babel/code-frame": "^7.0.0",
						"@babel/generator": "^7.4.0",
						"@babel/helper-function-name": "^7.1.0",
						"@babel/helper-split-export-declaration": "^7.4.0",
						"@babel/parser": "^7.4.3",
						"@babel/types": "^7.4.0",
						"debug": "^4.1.0",
						"globals": "^11.1.0",
						"lodash": "^4.17.11"
					}
				},
				"@babel/types": {
					"version": "7.4.0",
					"resolved": "https://registry.npmjs.org/@babel/types/-/types-7.4.0.tgz",
					"integrity": "sha512-aPvkXyU2SPOnztlgo8n9cEiXW755mgyvueUPcpStqdzoSPm0fjO0vQBjLkt3JKJW7ufikfcnMTTPsN1xaTsBPA==",
					"dev": true,
					"requires": {
						"esutils": "^2.0.2",
						"lodash": "^4.17.11",
						"to-fast-properties": "^2.0.0"
					}
				},
				"ansi-styles": {
					"version": "3.2.1",
					"resolved": "https://registry.npmjs.org/ansi-styles/-/ansi-styles-3.2.1.tgz",
					"integrity": "sha512-VT0ZI6kZRdTh8YyJw3SMbYm/u+NqfsAxEpWO0Pf9sq8/e94WxxOpPKx9FR1FlyCtOVDNOQ+8ntlqFxiRc+r5qA==",
					"dev": true,
					"requires": {
						"color-convert": "^1.9.0"
					}
				},
				"chalk": {
					"version": "2.4.2",
					"resolved": "https://registry.npmjs.org/chalk/-/chalk-2.4.2.tgz",
					"integrity": "sha512-Mti+f9lpJNcwF4tWV8/OrTTtF1gZi+f8FqlyAdouralcFWFQWF2+NgCHShjkCb+IFBLq9buZwE1xckQU4peSuQ==",
					"dev": true,
					"requires": {
						"ansi-styles": "^3.2.1",
						"escape-string-regexp": "^1.0.5",
						"supports-color": "^5.3.0"
					}
				},
				"color-convert": {
					"version": "1.9.3",
					"resolved": "https://registry.npmjs.org/color-convert/-/color-convert-1.9.3.tgz",
					"integrity": "sha512-QfAUtd+vFdAtFQcC8CCyYt1fYWxSqAiK2cSD6zDB8N3cpsEBAvRxp9zOGg6G/SHHJYAT88/az/IuDGALsNVbGg==",
					"dev": true,
					"requires": {
						"color-name": "1.1.3"
					}
				},
				"color-name": {
					"version": "1.1.3",
					"resolved": "https://registry.npmjs.org/color-name/-/color-name-1.1.3.tgz",
					"integrity": "sha1-p9BVi9icQveV3UIyj3QIMcpTvCU=",
					"dev": true
				},
				"debug": {
					"version": "4.1.1",
					"resolved": "https://registry.npmjs.org/debug/-/debug-4.1.1.tgz",
					"integrity": "sha512-pYAIzeRo8J6KPEaJ0VWOh5Pzkbw/RetuzehGM7QRRX5he4fPHx2rdKMB256ehJCkX+XRQm16eZLqLNS8RSZXZw==",
					"dev": true,
					"requires": {
						"ms": "^2.1.1"
					}
				},
				"escape-string-regexp": {
					"version": "1.0.5",
					"resolved": "https://registry.npmjs.org/escape-string-regexp/-/escape-string-regexp-1.0.5.tgz",
					"integrity": "sha1-G2HAViGQqN/2rjuyzwIAyhMLhtQ=",
					"dev": true
				},
				"esutils": {
					"version": "2.0.2",
					"resolved": "https://registry.npmjs.org/esutils/-/esutils-2.0.2.tgz",
					"integrity": "sha1-Cr9PHKpbyx96nYrMbepPqqBLrJs=",
					"dev": true
				},
				"globals": {
					"version": "11.11.0",
					"resolved": "https://registry.npmjs.org/globals/-/globals-11.11.0.tgz",
					"integrity": "sha512-WHq43gS+6ufNOEqlrDBxVEbb8ntfXrfAUU2ZOpCxrBdGKW3gyv8mCxAfIBD0DroPKGrJ2eSsXsLtY9MPntsyTw==",
					"dev": true
				},
				"has-flag": {
					"version": "3.0.0",
					"resolved": "https://registry.npmjs.org/has-flag/-/has-flag-3.0.0.tgz",
					"integrity": "sha1-tdRU3CGZriJWmfNGfloH87lVuv0=",
					"dev": true
				},
				"js-tokens": {
					"version": "4.0.0",
					"resolved": "https://registry.npmjs.org/js-tokens/-/js-tokens-4.0.0.tgz",
					"integrity": "sha512-RdJUflcE3cUzKiMqQgsCu06FPu9UdIJO0beYbPhHN4k6apgJtifcoCtT9bcxOpYBtpD2kCM6Sbzg4CausW/PKQ==",
					"dev": true
				},
				"jsesc": {
					"version": "2.5.2",
					"resolved": "https://registry.npmjs.org/jsesc/-/jsesc-2.5.2.tgz",
					"integrity": "sha512-OYu7XEzjkCQ3C5Ps3QIZsQfNpqoJyZZA99wd9aWd05NCtC5pWOkShK2mkL6HXQR6/Cy2lbNdPlZBpuQHXE63gA==",
					"dev": true
				},
				"lodash": {
					"version": "4.17.11",
					"resolved": "https://registry.npmjs.org/lodash/-/lodash-4.17.11.tgz",
					"integrity": "sha512-cQKh8igo5QUhZ7lg38DYWAxMvjSAKG0A8wGSVimP07SIUEK2UO+arSRKbRZWtelMtN5V0Hkwh5ryOto/SshYIg==",
					"dev": true
				},
				"ms": {
					"version": "2.1.1",
					"resolved": "https://registry.npmjs.org/ms/-/ms-2.1.1.tgz",
					"integrity": "sha512-tgp+dl5cGk28utYktBsrFqA7HKgrhgPsg6Z/EfhWI4gl1Hwq8B/GmY/0oXZ6nF8hDVesS/FpnYaD/kOWhYQvyg==",
					"dev": true
				},
				"source-map": {
					"version": "0.5.7",
					"resolved": "https://registry.npmjs.org/source-map/-/source-map-0.5.7.tgz",
					"integrity": "sha1-igOdLRAh0i0eoUyA2OpGi6LvP8w=",
					"dev": true
				},
				"supports-color": {
					"version": "5.5.0",
					"resolved": "https://registry.npmjs.org/supports-color/-/supports-color-5.5.0.tgz",
					"integrity": "sha512-QjVjwdXIt408MIiAqCX4oUKsgU2EqAGzs2Ppkm4aQYbjm+ZEWEcW4SfFNTr4uMNZma0ey4f5lgLrkB0aX0QMow==",
					"dev": true,
					"requires": {
						"has-flag": "^3.0.0"
					}
				},
				"to-fast-properties": {
					"version": "2.0.0",
					"resolved": "https://registry.npmjs.org/to-fast-properties/-/to-fast-properties-2.0.0.tgz",
					"integrity": "sha1-3F5pjL0HkmW8c+A3doGk5Og/YW4=",
					"dev": true
				},
				"trim-right": {
					"version": "1.0.1",
					"resolved": "https://registry.npmjs.org/trim-right/-/trim-right-1.0.1.tgz",
					"integrity": "sha1-yy4SAwZ+DI3h9hQJS5/kVwTqYAM=",
					"dev": true
				}
			}
		}
	}
}
