{
	"name": "@bfemulator/main",
	"version": "4.4.1",
	"lockfileVersion": 1,
	"requires": true,
	"dependencies": {
		"@babel/plugin-transform-runtime": {
			"version": "7.4.4",
			"resolved": "https://registry.npmjs.org/@babel/plugin-transform-runtime/-/plugin-transform-runtime-7.4.4.tgz",
			"integrity": "sha512-aMVojEjPszvau3NRg+TIH14ynZLvPewH4xhlCW1w6A3rkxTS1m4uwzRclYR9oS+rl/dr+kT+pzbfHuAWP/lc7Q==",
			"dev": true,
			"requires": {
				"@babel/helper-module-imports": "^7.0.0",
				"@babel/helper-plugin-utils": "^7.0.0",
				"resolve": "^1.8.1",
				"semver": "^5.5.1"
			},
			"dependencies": {
				"@babel/helper-module-imports": {
					"version": "7.0.0",
					"resolved": "https://registry.npmjs.org/@babel/helper-module-imports/-/helper-module-imports-7.0.0.tgz",
					"integrity": "sha512-aP/hlLq01DWNEiDg4Jn23i+CXxW/owM4WpDLFUbpjxe4NS3BhLVZQ5i7E0ZrxuQ/vwekIeciyamgB1UIYxxM6A==",
					"dev": true,
					"requires": {
						"@babel/types": "^7.0.0"
					}
				},
				"@babel/helper-plugin-utils": {
					"version": "7.0.0",
					"resolved": "https://registry.npmjs.org/@babel/helper-plugin-utils/-/helper-plugin-utils-7.0.0.tgz",
					"integrity": "sha512-CYAOUCARwExnEixLdB6sDm2dIJ/YgEAKDM1MOeMeZu9Ld/bDgVo8aiWrXwcY7OBh+1Ea2uUcVRcxKk0GJvW7QA==",
					"dev": true
				},
				"@babel/types": {
					"version": "7.4.4",
					"resolved": "https://registry.npmjs.org/@babel/types/-/types-7.4.4.tgz",
					"integrity": "sha512-dOllgYdnEFOebhkKCjzSVFqw/PmmB8pH6RGOWkY4GsboQNd47b1fBThBSwlHAq9alF9vc1M3+6oqR47R50L0tQ==",
					"dev": true,
					"requires": {
						"esutils": "^2.0.2",
						"lodash": "^4.17.11",
						"to-fast-properties": "^2.0.0"
					}
				},
				"esutils": {
					"version": "2.0.2",
					"resolved": "https://registry.npmjs.org/esutils/-/esutils-2.0.2.tgz",
					"integrity": "sha1-Cr9PHKpbyx96nYrMbepPqqBLrJs=",
					"dev": true
				},
				"lodash": {
					"version": "4.17.11",
					"resolved": "https://registry.npmjs.org/lodash/-/lodash-4.17.11.tgz",
					"integrity": "sha512-cQKh8igo5QUhZ7lg38DYWAxMvjSAKG0A8wGSVimP07SIUEK2UO+arSRKbRZWtelMtN5V0Hkwh5ryOto/SshYIg==",
					"dev": true
				},
				"path-parse": {
					"version": "1.0.6",
					"resolved": "https://registry.npmjs.org/path-parse/-/path-parse-1.0.6.tgz",
					"integrity": "sha512-GSmOT2EbHrINBf9SR7CDELwlJ8AENk3Qn7OikK4nFYAu3Ote2+JYNVvkpAEQm3/TLNEJFD/xZJjzyxg3KBWOzw==",
					"dev": true
				},
				"resolve": {
					"version": "1.11.0",
					"resolved": "https://registry.npmjs.org/resolve/-/resolve-1.11.0.tgz",
					"integrity": "sha512-WL2pBDjqT6pGUNSUzMw00o4T7If+z4H2x3Gz893WoUQ5KW8Vr9txp00ykiP16VBaZF5+j/OcXJHZ9+PCvdiDKw==",
					"dev": true,
					"requires": {
						"path-parse": "^1.0.6"
					}
				},
				"semver": {
					"version": "5.7.0",
					"resolved": "https://registry.npmjs.org/semver/-/semver-5.7.0.tgz",
					"integrity": "sha512-Ya52jSX2u7QKghxeoFGpLwCtGlt7j0oY9DYb5apt9nPlJ42ID+ulTXESnt/qAQcoSERyZ5sl3LDIOw0nAn/5DA==",
					"dev": true
				},
				"to-fast-properties": {
					"version": "2.0.0",
					"resolved": "https://registry.npmjs.org/to-fast-properties/-/to-fast-properties-2.0.0.tgz",
					"integrity": "sha1-3F5pjL0HkmW8c+A3doGk5Og/YW4=",
					"dev": true
				}
			}
		},
		"botframework-config": {
			"version": "4.4.0",
			"resolved": "https://registry.npmjs.org/botframework-config/-/botframework-config-4.4.0.tgz",
			"integrity": "sha512-5YyLkr3Zv60NJPZNTXZ/YEIj/yBRqfACw7+D90hPL3ueOtWi0Vc440a3cfggSq/RszSGDOVfX3VROVV85+Vm5g==",
			"requires": {
				"fs-extra": "^7.0.0",
				"process": "^0.11.10",
				"read-text-file": "^1.1.0",
				"url": "^0.11.0",
				"uuid": "^3.3.2"
			},
			"dependencies": {
				"fs-extra": {
					"version": "7.0.1",
					"resolved": "https://registry.npmjs.org/fs-extra/-/fs-extra-7.0.1.tgz",
					"integrity": "sha512-YJDaCJZEnBmcbw13fvdAM9AwNOJwOzrE4pqMqBq5nFiEqXUqHwlK4B+3pUw6JNvfSPtX05xFHtYy/1ni01eGCw==",
					"requires": {
						"graceful-fs": "^4.1.2",
						"jsonfile": "^4.0.0",
						"universalify": "^0.1.0"
					}
				},
				"graceful-fs": {
					"version": "4.1.15",
					"resolved": "https://registry.npmjs.org/graceful-fs/-/graceful-fs-4.1.15.tgz",
					"integrity": "sha512-6uHUhOPEBgQ24HM+r6b/QwWfZq+yiFcipKFrOFiBEnWdy5sdzYoi+pJeQaPI5qOLRFqWmAXUPQNsielzdLoecA=="
				},
				"iconv-lite": {
					"version": "0.4.24",
					"resolved": "https://registry.npmjs.org/iconv-lite/-/iconv-lite-0.4.24.tgz",
					"integrity": "sha512-v3MXnZAcvnywkTUEZomIActle7RXXeedOR31wwl7VlyoXO4Qi9arvSenNQWne1TcRwhCL1HwLI21bEqdpj8/rA==",
					"requires": {
						"safer-buffer": ">= 2.1.2 < 3"
					}
				},
				"jschardet": {
					"version": "1.6.0",
					"resolved": "https://registry.npmjs.org/jschardet/-/jschardet-1.6.0.tgz",
					"integrity": "sha512-xYuhvQ7I9PDJIGBWev9xm0+SMSed3ZDBAmvVjbFR1ZRLAF+vlXcQu6cRI9uAlj81rzikElRVteehwV7DuX2ZmQ=="
				},
				"jsonfile": {
					"version": "4.0.0",
					"resolved": "https://registry.npmjs.org/jsonfile/-/jsonfile-4.0.0.tgz",
					"integrity": "sha1-h3Gq4HmbZAdrdmQPygWPnBDjPss=",
					"requires": {
						"graceful-fs": "^4.1.6"
					}
				},
				"process": {
					"version": "0.11.10",
					"resolved": "https://registry.npmjs.org/process/-/process-0.11.10.tgz",
					"integrity": "sha1-czIwDoQBYb2j5podHZGn1LwW8YI="
				},
				"punycode": {
					"version": "1.3.2",
					"resolved": "https://registry.npmjs.org/punycode/-/punycode-1.3.2.tgz",
					"integrity": "sha1-llOgNvt8HuQjQvIyXM7v6jkmxI0="
				},
				"querystring": {
					"version": "0.2.0",
					"resolved": "https://registry.npmjs.org/querystring/-/querystring-0.2.0.tgz",
					"integrity": "sha1-sgmEkgO7Jd+CDadW50cAWHhSFiA="
				},
				"read-text-file": {
					"version": "1.1.0",
					"resolved": "https://registry.npmjs.org/read-text-file/-/read-text-file-1.1.0.tgz",
					"integrity": "sha1-0MPxh2iCj5EH1huws2jue5D3GJM=",
					"requires": {
						"iconv-lite": "^0.4.17",
						"jschardet": "^1.4.2"
					}
				},
				"safer-buffer": {
					"version": "2.1.2",
					"resolved": "https://registry.npmjs.org/safer-buffer/-/safer-buffer-2.1.2.tgz",
					"integrity": "sha512-YZo3K82SD7Riyi0E1EQPojLz7kpepnSQI9IyPbHHg1XXXevb5dJI7tpyN2ADxGcQbHG7vcyRHk0cbwqcQriUtg=="
				},
				"universalify": {
					"version": "0.1.2",
					"resolved": "https://registry.npmjs.org/universalify/-/universalify-0.1.2.tgz",
					"integrity": "sha512-rBJeI5CXAlmy1pV+617WB9J63U6XcazHHF2f2dbJix4XzpUF0RS3Zbj0FGIOCAva5P/d/GBOYaACQ1w+0azUkg=="
				},
				"url": {
					"version": "0.11.0",
					"resolved": "https://registry.npmjs.org/url/-/url-0.11.0.tgz",
					"integrity": "sha1-ODjpfPxgUh63PFJajlW/3Z4uKPE=",
					"requires": {
						"punycode": "1.3.2",
						"querystring": "0.2.0"
					}
				},
				"uuid": {
					"version": "3.3.2",
					"resolved": "https://registry.npmjs.org/uuid/-/uuid-3.3.2.tgz",
					"integrity": "sha512-yXJmeNaw3DnnKAOKJE51sL/ZaYfWJRl1pK9dr19YFCu0ObS231AB1/LbqTKRAQ5kw8A90rA6fr4riOUpTZvQZA=="
				}
			}
		}
	}
}
