{
	"name": "@bfemulator/main",
	"version": "4.5.2",
	"lockfileVersion": 1,
	"requires": true,
	"dependencies": {
		"botbuilder": {
			"version": "3.16.0",
			"resolved": "https://registry.npmjs.org/botbuilder/-/botbuilder-3.16.0.tgz",
			"integrity": "sha512-Gf51aNfvBuAxKSXQ+1SV/P1lzuRMyMyIqvjUUSqpjbtW6lFkPHhCmJIM0Dgxbflq78EXXisIYZQgAqsUNYeVQQ==",
			"dev": true,
			"requires": {
				"@types/async": "^2.0.48",
				"@types/express": "^4.11.1",
				"@types/form-data": "^2.2.1",
				"@types/jsonwebtoken": "^7.2.6",
				"@types/node": "^9.6.1",
				"@types/request": "^2.47.0",
				"@types/sprintf-js": "^1.1.0",
				"@types/url-join": "^0.8.1",
				"async": "^1.5.2",
				"base64url": "^3.0.0",
				"chrono-node": "^1.1.3",
				"jsonwebtoken": "^8.2.2",
				"promise": "^7.1.1",
				"request": "^2.88.0",
				"rsa-pem-from-mod-exp": "^0.8.4",
				"sprintf-js": "^1.0.3",
				"url-join": "^1.1.0"
			},
			"dependencies": {
				"@types/async": {
					"version": "2.4.2",
					"resolved": "https://registry.npmjs.org/@types/async/-/async-2.4.2.tgz",
					"integrity": "sha512-bWBbC7VG2jdjbgZMX0qpds8U/3h3anfIqE81L8jmVrgFZw/urEDnBA78ymGGKTTK6ciBXmmJ/xlok+Re41S8ww==",
					"dev": true
				},
				"@types/body-parser": {
					"version": "1.17.1",
					"resolved": "https://registry.npmjs.org/@types/body-parser/-/body-parser-1.17.1.tgz",
					"integrity": "sha512-RoX2EZjMiFMjZh9lmYrwgoP9RTpAjSHiJxdp4oidAQVO02T7HER3xj9UKue5534ULWeqVEkujhWcyvUce+d68w==",
					"dev": true,
					"requires": {
						"@types/connect": "*",
						"@types/node": "*"
					}
				},
				"@types/caseless": {
					"version": "0.12.2",
					"resolved": "https://registry.npmjs.org/@types/caseless/-/caseless-0.12.2.tgz",
					"integrity": "sha512-6ckxMjBBD8URvjB6J3NcnuAn5Pkl7t3TizAg+xdlzzQGSPSmBcXf8KoIH0ua/i+tio+ZRUHEXp0HEmvaR4kt0w==",
					"dev": true
				},
				"@types/connect": {
					"version": "3.4.32",
					"resolved": "https://registry.npmjs.org/@types/connect/-/connect-3.4.32.tgz",
					"integrity": "sha512-4r8qa0quOvh7lGD0pre62CAb1oni1OO6ecJLGCezTmhQ8Fz50Arx9RUszryR8KlgK6avuSXvviL6yWyViQABOg==",
					"dev": true,
					"requires": {
						"@types/node": "*"
					}
				},
				"@types/express": {
					"version": "4.17.1",
					"resolved": "https://registry.npmjs.org/@types/express/-/express-4.17.1.tgz",
					"integrity": "sha512-VfH/XCP0QbQk5B5puLqTLEeFgR8lfCJHZJKkInZ9mkYd+u8byX0kztXEQxEk4wZXJs8HI+7km2ALXjn4YKcX9w==",
					"dev": true,
					"requires": {
						"@types/body-parser": "*",
						"@types/express-serve-static-core": "*",
						"@types/serve-static": "*"
					}
				},
				"@types/express-serve-static-core": {
					"version": "4.16.10",
					"resolved": "https://registry.npmjs.org/@types/express-serve-static-core/-/express-serve-static-core-4.16.10.tgz",
					"integrity": "sha512-gM6evDj0OvTILTRKilh9T5dTaGpv1oYiFcJAfgSejuMJgGJUsD9hKEU2lB4aiTNy4WwChxRnjfYFuBQsULzsJw==",
					"dev": true,
					"requires": {
						"@types/node": "*",
						"@types/range-parser": "*"
					}
				},
				"@types/form-data": {
					"version": "2.5.0",
					"resolved": "https://registry.npmjs.org/@types/form-data/-/form-data-2.5.0.tgz",
					"integrity": "sha512-23/wYiuckYYtFpL+4RPWiWmRQH2BjFuqCUi2+N3amB1a1Drv+i/byTrGvlLwRVLFNAZbwpbQ7JvTK+VCAPMbcg==",
					"dev": true,
					"requires": {
						"form-data": "*"
					}
				},
				"@types/jsonwebtoken": {
					"version": "7.2.8",
					"resolved": "https://registry.npmjs.org/@types/jsonwebtoken/-/jsonwebtoken-7.2.8.tgz",
					"integrity": "sha512-XENN3YzEB8D6TiUww0O8SRznzy1v+77lH7UmuN54xq/IHIsyWjWOzZuFFTtoiRuaE782uAoRwBe/wwow+vQXZw==",
					"dev": true,
					"requires": {
						"@types/node": "*"
					}
				},
				"@types/mime": {
					"version": "2.0.1",
					"resolved": "https://registry.npmjs.org/@types/mime/-/mime-2.0.1.tgz",
					"integrity": "sha512-FwI9gX75FgVBJ7ywgnq/P7tw+/o1GUbtP0KzbtusLigAOgIgNISRK0ZPl4qertvXSIE8YbsVJueQ90cDt9YYyw==",
					"dev": true
				},
				"@types/node": {
					"version": "9.6.52",
					"resolved": "https://registry.npmjs.org/@types/node/-/node-9.6.52.tgz",
					"integrity": "sha512-d6UdHtc8HKe3NTruj9mHk2B8EiHZyuG/00aYbUedHvy9sBhtLAX1gaxSNgvcheOvIZavvmpJYlwfHjjxlU/Few==",
					"dev": true
				},
				"@types/range-parser": {
					"version": "1.2.3",
					"resolved": "https://registry.npmjs.org/@types/range-parser/-/range-parser-1.2.3.tgz",
					"integrity": "sha512-ewFXqrQHlFsgc09MK5jP5iR7vumV/BYayNC6PgJO2LPe8vrnNFyjQjSppfEngITi0qvfKtzFvgKymGheFM9UOA==",
					"dev": true
				},
				"@types/request": {
					"version": "2.48.3",
					"resolved": "https://registry.npmjs.org/@types/request/-/request-2.48.3.tgz",
					"integrity": "sha512-3Wo2jNYwqgXcIz/rrq18AdOZUQB8cQ34CXZo+LUwPJNpvRAL86+Kc2wwI8mqpz9Cr1V+enIox5v+WZhy/p3h8w==",
					"dev": true,
					"requires": {
						"@types/caseless": "*",
						"@types/node": "*",
						"@types/tough-cookie": "*",
						"form-data": "^2.5.0"
					}
				},
				"@types/serve-static": {
					"version": "1.13.3",
					"resolved": "https://registry.npmjs.org/@types/serve-static/-/serve-static-1.13.3.tgz",
					"integrity": "sha512-oprSwp094zOglVrXdlo/4bAHtKTAxX6VT8FOZlBKrmyLbNvE1zxZyJ6yikMVtHIvwP45+ZQGJn+FdXGKTozq0g==",
					"dev": true,
					"requires": {
						"@types/express-serve-static-core": "*",
						"@types/mime": "*"
					}
				},
				"@types/sprintf-js": {
					"version": "1.1.2",
					"resolved": "https://registry.npmjs.org/@types/sprintf-js/-/sprintf-js-1.1.2.tgz",
					"integrity": "sha512-hkgzYF+qnIl8uTO8rmUSVSfQ8BIfMXC4yJAF4n8BE758YsKBZvFC4NumnAegj7KmylP0liEZNpb9RRGFMbFejA==",
					"dev": true
				},
				"@types/tough-cookie": {
					"version": "2.3.5",
					"resolved": "https://registry.npmjs.org/@types/tough-cookie/-/tough-cookie-2.3.5.tgz",
					"integrity": "sha512-SCcK7mvGi3+ZNz833RRjFIxrn4gI1PPR3NtuIS+6vMkvmsGjosqTJwRt5bAEFLRz+wtJMWv8+uOnZf2hi2QXTg==",
					"dev": true
				},
				"@types/url-join": {
					"version": "0.8.3",
					"resolved": "https://registry.npmjs.org/@types/url-join/-/url-join-0.8.3.tgz",
					"integrity": "sha512-bM7dzLHuCqDNlbeOxvo/KfweN3La4d9C1VFGCgefxiZXn0JcRtyGDwWCSUEO8RrMhnx/LGhDOXP8TTokM1grSA==",
					"dev": true
				},
				"ajv": {
					"version": "6.10.2",
					"resolved": "https://registry.npmjs.org/ajv/-/ajv-6.10.2.tgz",
					"integrity": "sha512-TXtUUEYHuaTEbLZWIKUr5pmBuhDLy+8KYtPYdcV8qC+pOZL+NKqYwvWSRrVXHn+ZmRRAu8vJTAznH7Oag6RVRw==",
					"dev": true,
					"requires": {
						"fast-deep-equal": "^2.0.1",
						"fast-json-stable-stringify": "^2.0.0",
						"json-schema-traverse": "^0.4.1",
						"uri-js": "^4.2.2"
					}
				},
				"asap": {
					"version": "2.0.6",
					"resolved": "https://registry.npmjs.org/asap/-/asap-2.0.6.tgz",
					"integrity": "sha1-5QNHYR1+aQlDIIu9r+vLwvuGbUY=",
					"dev": true
				},
				"asn1": {
					"version": "0.2.4",
					"resolved": "https://registry.npmjs.org/asn1/-/asn1-0.2.4.tgz",
					"integrity": "sha512-jxwzQpLQjSmWXgwaCZE9Nz+glAG01yF1QnWgbhGwHI5A6FRIEY6IVqtHhIepHqI7/kyEyQEagBC5mBEFlIYvdg==",
					"dev": true,
					"requires": {
						"safer-buffer": "~2.1.0"
					}
				},
				"assert-plus": {
					"version": "1.0.0",
					"resolved": "https://registry.npmjs.org/assert-plus/-/assert-plus-1.0.0.tgz",
					"integrity": "sha1-8S4PPF13sLHN2RRpQuTpbB5N1SU=",
					"dev": true
				},
				"async": {
					"version": "1.5.2",
					"resolved": "https://registry.npmjs.org/async/-/async-1.5.2.tgz",
					"integrity": "sha1-7GphrlZIDAw8skHJVhjiCJL5Zyo=",
					"dev": true
				},
				"asynckit": {
					"version": "0.4.0",
					"resolved": "https://registry.npmjs.org/asynckit/-/asynckit-0.4.0.tgz",
					"integrity": "sha1-x57Zf380y48robyXkLzDZkdLS3k=",
					"dev": true
				},
				"aws-sign2": {
					"version": "0.7.0",
					"resolved": "https://registry.npmjs.org/aws-sign2/-/aws-sign2-0.7.0.tgz",
					"integrity": "sha1-tG6JCTSpWR8tL2+G1+ap8bP+dqg=",
					"dev": true
				},
				"aws4": {
					"version": "1.8.0",
					"resolved": "https://registry.npmjs.org/aws4/-/aws4-1.8.0.tgz",
					"integrity": "sha512-ReZxvNHIOv88FlT7rxcXIIC0fPt4KZqZbOlivyWtXLt8ESx84zd3kMC6iK5jVeS2qt+g7ftS7ye4fi06X5rtRQ==",
					"dev": true
				},
				"base64url": {
					"version": "3.0.1",
					"resolved": "https://registry.npmjs.org/base64url/-/base64url-3.0.1.tgz",
					"integrity": "sha512-ir1UPr3dkwexU7FdV8qBBbNDRUhMmIekYMFZfi+C/sLNnRESKPl23nB9b2pltqfOQNnGzsDdId90AEtG5tCx4A==",
					"dev": true
				},
				"bcrypt-pbkdf": {
					"version": "1.0.2",
					"resolved": "https://registry.npmjs.org/bcrypt-pbkdf/-/bcrypt-pbkdf-1.0.2.tgz",
					"integrity": "sha1-pDAdOJtqQ/m2f/PKEaP2Y342Dp4=",
					"dev": true,
					"requires": {
						"tweetnacl": "^0.14.3"
					}
				},
				"buffer-equal-constant-time": {
					"version": "1.0.1",
					"resolved": "https://registry.npmjs.org/buffer-equal-constant-time/-/buffer-equal-constant-time-1.0.1.tgz",
					"integrity": "sha1-+OcRMvf/5uAaXJaXpMbz5I1cyBk=",
					"dev": true
				},
				"caseless": {
					"version": "0.12.0",
					"resolved": "https://registry.npmjs.org/caseless/-/caseless-0.12.0.tgz",
					"integrity": "sha1-G2gcIf+EAzyCZUMJBolCDRhxUdw=",
					"dev": true
				},
				"chrono-node": {
					"version": "1.3.11",
					"resolved": "https://registry.npmjs.org/chrono-node/-/chrono-node-1.3.11.tgz",
					"integrity": "sha512-jDWRnY6nYvzfV3HPYBqo+tot7tcsUs9i3arGbMdI0TouPSXP2C2y/Ctp27rxKTQDi6yuTxAB2cw+Q6igGhOhdQ==",
					"dev": true,
					"requires": {
						"moment": "2.21.0"
					}
				},
				"combined-stream": {
					"version": "1.0.8",
					"resolved": "https://registry.npmjs.org/combined-stream/-/combined-stream-1.0.8.tgz",
					"integrity": "sha512-FQN4MRfuJeHf7cBbBMJFXhKSDq+2kAArBlmRBvcvFE5BB1HZKXtSFASDhdlz9zOYwxh8lDdnvmMOe/+5cdoEdg==",
					"dev": true,
					"requires": {
						"delayed-stream": "~1.0.0"
					}
				},
				"core-util-is": {
					"version": "1.0.2",
					"resolved": "https://registry.npmjs.org/core-util-is/-/core-util-is-1.0.2.tgz",
					"integrity": "sha1-tf1UIgqivFq1eqtxQMlAdUUDwac=",
					"dev": true
				},
				"dashdash": {
					"version": "1.14.1",
					"resolved": "https://registry.npmjs.org/dashdash/-/dashdash-1.14.1.tgz",
					"integrity": "sha1-hTz6D3y+L+1d4gMmuN1YEDX24vA=",
					"dev": true,
					"requires": {
						"assert-plus": "^1.0.0"
					}
				},
				"delayed-stream": {
					"version": "1.0.0",
					"resolved": "https://registry.npmjs.org/delayed-stream/-/delayed-stream-1.0.0.tgz",
					"integrity": "sha1-3zrhmayt+31ECqrgsp4icrJOxhk=",
					"dev": true
				},
				"ecc-jsbn": {
					"version": "0.1.2",
					"resolved": "https://registry.npmjs.org/ecc-jsbn/-/ecc-jsbn-0.1.2.tgz",
					"integrity": "sha1-OoOpBOVDUyh4dMVkt1SThoSamMk=",
					"dev": true,
					"requires": {
						"jsbn": "~0.1.0",
						"safer-buffer": "^2.1.0"
					}
				},
				"ecdsa-sig-formatter": {
					"version": "1.0.11",
					"resolved": "https://registry.npmjs.org/ecdsa-sig-formatter/-/ecdsa-sig-formatter-1.0.11.tgz",
					"integrity": "sha512-nagl3RYrbNv6kQkeJIpt6NJZy8twLB/2vtz6yN9Z4vRKHN4/QZJIEbqohALSgwKdnksuY3k5Addp5lg8sVoVcQ==",
					"dev": true,
					"requires": {
						"safe-buffer": "^5.0.1"
					}
				},
				"extend": {
					"version": "3.0.2",
					"resolved": "https://registry.npmjs.org/extend/-/extend-3.0.2.tgz",
					"integrity": "sha512-fjquC59cD7CyW6urNXK0FBufkZcoiGG80wTuPujX590cB5Ttln20E2UB4S/WARVqhXffZl2LNgS+gQdPIIim/g==",
					"dev": true
				},
				"extsprintf": {
					"version": "1.3.0",
					"resolved": "https://registry.npmjs.org/extsprintf/-/extsprintf-1.3.0.tgz",
					"integrity": "sha1-lpGEQOMEGnpBT4xS48V06zw+HgU=",
					"dev": true
				},
				"fast-deep-equal": {
					"version": "2.0.1",
					"resolved": "https://registry.npmjs.org/fast-deep-equal/-/fast-deep-equal-2.0.1.tgz",
					"integrity": "sha1-ewUhjd+WZ79/Nwv3/bLLFf3Qqkk=",
					"dev": true
				},
				"fast-json-stable-stringify": {
					"version": "2.0.0",
					"resolved": "https://registry.npmjs.org/fast-json-stable-stringify/-/fast-json-stable-stringify-2.0.0.tgz",
					"integrity": "sha1-1RQsDK7msRifh9OnYREGT4bIu/I=",
					"dev": true
				},
				"forever-agent": {
					"version": "0.6.1",
					"resolved": "https://registry.npmjs.org/forever-agent/-/forever-agent-0.6.1.tgz",
					"integrity": "sha1-+8cfDEGt6zf5bFd60e1C2P2sypE=",
					"dev": true
				},
				"form-data": {
					"version": "2.5.1",
					"resolved": "https://registry.npmjs.org/form-data/-/form-data-2.5.1.tgz",
					"integrity": "sha512-m21N3WOmEEURgk6B9GLOE4RuWOFf28Lhh9qGYeNlGq4VDXUlJy2th2slBNU8Gp8EzloYZOibZJ7t5ecIrFSjVA==",
					"dev": true,
					"requires": {
						"asynckit": "^0.4.0",
						"combined-stream": "^1.0.6",
						"mime-types": "^2.1.12"
					}
				},
				"getpass": {
					"version": "0.1.7",
					"resolved": "https://registry.npmjs.org/getpass/-/getpass-0.1.7.tgz",
					"integrity": "sha1-Xv+OPmhNVprkyysSgmBOi6YhSfo=",
					"dev": true,
					"requires": {
						"assert-plus": "^1.0.0"
					}
				},
				"har-schema": {
					"version": "2.0.0",
					"resolved": "https://registry.npmjs.org/har-schema/-/har-schema-2.0.0.tgz",
					"integrity": "sha1-qUwiJOvKwEeCoNkDVSHyRzW37JI=",
					"dev": true
				},
				"har-validator": {
					"version": "5.1.3",
					"resolved": "https://registry.npmjs.org/har-validator/-/har-validator-5.1.3.tgz",
					"integrity": "sha512-sNvOCzEQNr/qrvJgc3UG/kD4QtlHycrzwS+6mfTrrSq97BvaYcPZZI1ZSqGSPR73Cxn4LKTD4PttRwfU7jWq5g==",
					"dev": true,
					"requires": {
						"ajv": "^6.5.5",
						"har-schema": "^2.0.0"
					}
				},
				"http-signature": {
					"version": "1.2.0",
					"resolved": "https://registry.npmjs.org/http-signature/-/http-signature-1.2.0.tgz",
					"integrity": "sha1-muzZJRFHcvPZW2WmCruPfBj7rOE=",
					"dev": true,
					"requires": {
						"assert-plus": "^1.0.0",
						"jsprim": "^1.2.2",
						"sshpk": "^1.7.0"
					}
				},
				"is-typedarray": {
					"version": "1.0.0",
					"resolved": "https://registry.npmjs.org/is-typedarray/-/is-typedarray-1.0.0.tgz",
					"integrity": "sha1-5HnICFjfDBsR3dppQPlgEfzaSpo=",
					"dev": true
				},
				"isstream": {
					"version": "0.1.2",
					"resolved": "https://registry.npmjs.org/isstream/-/isstream-0.1.2.tgz",
					"integrity": "sha1-R+Y/evVa+m+S4VAOaQ64uFKcCZo=",
					"dev": true
				},
				"jsbn": {
					"version": "0.1.1",
					"resolved": "https://registry.npmjs.org/jsbn/-/jsbn-0.1.1.tgz",
					"integrity": "sha1-peZUwuWi3rXyAdls77yoDA7y9RM=",
					"dev": true
				},
				"json-schema": {
					"version": "0.2.3",
					"resolved": "https://registry.npmjs.org/json-schema/-/json-schema-0.2.3.tgz",
					"integrity": "sha1-tIDIkuWaLwWVTOcnvT8qTogvnhM=",
					"dev": true
				},
				"json-schema-traverse": {
					"version": "0.4.1",
					"resolved": "https://registry.npmjs.org/json-schema-traverse/-/json-schema-traverse-0.4.1.tgz",
					"integrity": "sha512-xbbCH5dCYU5T8LcEhhuh7HJ88HXuW3qsI3Y0zOZFKfZEHcpWiHU/Jxzk629Brsab/mMiHQti9wMP+845RPe3Vg==",
					"dev": true
				},
				"json-stringify-safe": {
					"version": "5.0.1",
					"resolved": "https://registry.npmjs.org/json-stringify-safe/-/json-stringify-safe-5.0.1.tgz",
					"integrity": "sha1-Epai1Y/UXxmg9s4B1lcB4sc1tus=",
					"dev": true
				},
				"jsonwebtoken": {
					"version": "8.5.1",
					"resolved": "https://registry.npmjs.org/jsonwebtoken/-/jsonwebtoken-8.5.1.tgz",
					"integrity": "sha512-XjwVfRS6jTMsqYs0EsuJ4LGxXV14zQybNd4L2r0UvbVnSF9Af8x7p5MzbJ90Ioz/9TI41/hTCvznF/loiSzn8w==",
					"dev": true,
					"requires": {
						"jws": "^3.2.2",
						"lodash.includes": "^4.3.0",
						"lodash.isboolean": "^3.0.3",
						"lodash.isinteger": "^4.0.4",
						"lodash.isnumber": "^3.0.3",
						"lodash.isplainobject": "^4.0.6",
						"lodash.isstring": "^4.0.1",
						"lodash.once": "^4.0.0",
						"ms": "^2.1.1",
						"semver": "^5.6.0"
					}
				},
				"jsprim": {
					"version": "1.4.1",
					"resolved": "https://registry.npmjs.org/jsprim/-/jsprim-1.4.1.tgz",
					"integrity": "sha1-MT5mvB5cwG5Di8G3SZwuXFastqI=",
					"dev": true,
					"requires": {
						"assert-plus": "1.0.0",
						"extsprintf": "1.3.0",
						"json-schema": "0.2.3",
						"verror": "1.10.0"
					}
				},
				"jwa": {
					"version": "1.4.1",
					"resolved": "https://registry.npmjs.org/jwa/-/jwa-1.4.1.tgz",
					"integrity": "sha512-qiLX/xhEEFKUAJ6FiBMbes3w9ATzyk5W7Hvzpa/SLYdxNtng+gcurvrI7TbACjIXlsJyr05/S1oUhZrc63evQA==",
					"dev": true,
					"requires": {
						"buffer-equal-constant-time": "1.0.1",
						"ecdsa-sig-formatter": "1.0.11",
						"safe-buffer": "^5.0.1"
					}
				},
				"jws": {
					"version": "3.2.2",
					"resolved": "https://registry.npmjs.org/jws/-/jws-3.2.2.tgz",
					"integrity": "sha512-YHlZCB6lMTllWDtSPHz/ZXTsi8S00usEV6v1tjq8tOUZzw7DpSDWVXjXDre6ed1w/pd495ODpHZYSdkRTsa0HA==",
					"dev": true,
					"requires": {
						"jwa": "^1.4.1",
						"safe-buffer": "^5.0.1"
					}
				},
				"lodash.includes": {
					"version": "4.3.0",
					"resolved": "https://registry.npmjs.org/lodash.includes/-/lodash.includes-4.3.0.tgz",
					"integrity": "sha1-YLuYqHy5I8aMoeUTJUgzFISfVT8=",
					"dev": true
				},
				"lodash.isboolean": {
					"version": "3.0.3",
					"resolved": "https://registry.npmjs.org/lodash.isboolean/-/lodash.isboolean-3.0.3.tgz",
					"integrity": "sha1-bC4XHbKiV82WgC/UOwGyDV9YcPY=",
					"dev": true
				},
				"lodash.isinteger": {
					"version": "4.0.4",
					"resolved": "https://registry.npmjs.org/lodash.isinteger/-/lodash.isinteger-4.0.4.tgz",
					"integrity": "sha1-YZwK89A/iwTDH1iChAt3sRzWg0M=",
					"dev": true
				},
				"lodash.isnumber": {
					"version": "3.0.3",
					"resolved": "https://registry.npmjs.org/lodash.isnumber/-/lodash.isnumber-3.0.3.tgz",
					"integrity": "sha1-POdoEMWSjQM1IwGsKHMX8RwLH/w=",
					"dev": true
				},
				"lodash.isplainobject": {
					"version": "4.0.6",
					"resolved": "https://registry.npmjs.org/lodash.isplainobject/-/lodash.isplainobject-4.0.6.tgz",
					"integrity": "sha1-fFJqUtibRcRcxpC4gWO+BJf1UMs=",
					"dev": true
				},
				"lodash.isstring": {
					"version": "4.0.1",
					"resolved": "https://registry.npmjs.org/lodash.isstring/-/lodash.isstring-4.0.1.tgz",
					"integrity": "sha1-1SfftUVuynzJu5XV2ur4i6VKVFE=",
					"dev": true
				},
				"lodash.once": {
					"version": "4.1.1",
					"resolved": "https://registry.npmjs.org/lodash.once/-/lodash.once-4.1.1.tgz",
					"integrity": "sha1-DdOXEhPHxW34gJd9UEyI+0cal6w=",
					"dev": true
				},
				"mime-db": {
					"version": "1.40.0",
					"resolved": "https://registry.npmjs.org/mime-db/-/mime-db-1.40.0.tgz",
					"integrity": "sha512-jYdeOMPy9vnxEqFRRo6ZvTZ8d9oPb+k18PKoYNYUe2stVEBPPwsln/qWzdbmaIvnhZ9v2P+CuecK+fpUfsV2mA==",
					"dev": true
				},
				"mime-types": {
					"version": "2.1.24",
					"resolved": "https://registry.npmjs.org/mime-types/-/mime-types-2.1.24.tgz",
					"integrity": "sha512-WaFHS3MCl5fapm3oLxU4eYDw77IQM2ACcxQ9RIxfaC3ooc6PFuBMGZZsYpvoXS5D5QTWPieo1jjLdAm3TBP3cQ==",
					"dev": true,
					"requires": {
						"mime-db": "1.40.0"
					}
				},
				"moment": {
					"version": "2.21.0",
					"resolved": "https://registry.npmjs.org/moment/-/moment-2.21.0.tgz",
					"integrity": "sha512-TCZ36BjURTeFTM/CwRcViQlfkMvL1/vFISuNLO5GkcVm1+QHfbSiNqZuWeMFjj1/3+uAjXswgRk30j1kkLYJBQ==",
					"dev": true
				},
				"ms": {
					"version": "2.1.2",
					"resolved": "https://registry.npmjs.org/ms/-/ms-2.1.2.tgz",
					"integrity": "sha512-sGkPx+VjMtmA6MX27oA4FBFELFCZZ4S4XqeGOXCv68tT+jb3vk/RyaKWP0PTKyWtmLSM0b+adUTEvbs1PEaH2w==",
					"dev": true
				},
				"oauth-sign": {
					"version": "0.9.0",
					"resolved": "https://registry.npmjs.org/oauth-sign/-/oauth-sign-0.9.0.tgz",
					"integrity": "sha512-fexhUFFPTGV8ybAtSIGbV6gOkSv8UtRbDBnAyLQw4QPKkgNlsH2ByPGtMUqdWkos6YCRmAqViwgZrJc/mRDzZQ==",
					"dev": true
				},
				"performance-now": {
					"version": "2.1.0",
					"resolved": "https://registry.npmjs.org/performance-now/-/performance-now-2.1.0.tgz",
					"integrity": "sha1-Ywn04OX6kT7BxpMHrjZLSzd8nns=",
					"dev": true
				},
				"promise": {
					"version": "7.3.1",
					"resolved": "https://registry.npmjs.org/promise/-/promise-7.3.1.tgz",
					"integrity": "sha512-nolQXZ/4L+bP/UGlkfaIujX9BKxGwmQ9OT4mOt5yvy8iK1h3wqTEJCijzGANTCCl9nWjY41juyAn2K3Q1hLLTg==",
					"dev": true,
					"requires": {
						"asap": "~2.0.3"
					}
				},
				"psl": {
					"version": "1.4.0",
					"resolved": "https://registry.npmjs.org/psl/-/psl-1.4.0.tgz",
					"integrity": "sha512-HZzqCGPecFLyoRj5HLfuDSKYTJkAfB5thKBIkRHtGjWwY7p1dAyveIbXIq4tO0KYfDF2tHqPUgY9SDnGm00uFw==",
					"dev": true
				},
				"punycode": {
					"version": "2.1.1",
					"resolved": "https://registry.npmjs.org/punycode/-/punycode-2.1.1.tgz",
					"integrity": "sha512-XRsRjdf+j5ml+y/6GKHPZbrF/8p2Yga0JPtdqTIY2Xe5ohJPD9saDJJLPvp9+NSBprVvevdXZybnj2cv8OEd0A==",
					"dev": true
				},
				"qs": {
					"version": "6.5.2",
					"resolved": "https://registry.npmjs.org/qs/-/qs-6.5.2.tgz",
					"integrity": "sha512-N5ZAX4/LxJmF+7wN74pUD6qAh9/wnvdQcjq9TZjevvXzSUo7bfmw91saqMjzGS2xq91/odN2dW/WOl7qQHNDGA==",
					"dev": true
				},
				"request": {
					"version": "2.88.0",
					"resolved": "https://registry.npmjs.org/request/-/request-2.88.0.tgz",
					"integrity": "sha512-NAqBSrijGLZdM0WZNsInLJpkJokL72XYjUpnB0iwsRgxh7dB6COrHnTBNwN0E+lHDAJzu7kLAkDeY08z2/A0hg==",
					"dev": true,
					"requires": {
						"aws-sign2": "~0.7.0",
						"aws4": "^1.8.0",
						"caseless": "~0.12.0",
						"combined-stream": "~1.0.6",
						"extend": "~3.0.2",
						"forever-agent": "~0.6.1",
						"form-data": "~2.3.2",
						"har-validator": "~5.1.0",
						"http-signature": "~1.2.0",
						"is-typedarray": "~1.0.0",
						"isstream": "~0.1.2",
						"json-stringify-safe": "~5.0.1",
						"mime-types": "~2.1.19",
						"oauth-sign": "~0.9.0",
						"performance-now": "^2.1.0",
						"qs": "~6.5.2",
						"safe-buffer": "^5.1.2",
						"tough-cookie": "~2.4.3",
						"tunnel-agent": "^0.6.0",
						"uuid": "^3.3.2"
					},
					"dependencies": {
						"form-data": {
							"version": "2.3.3",
							"resolved": "https://registry.npmjs.org/form-data/-/form-data-2.3.3.tgz",
							"integrity": "sha512-1lLKB2Mu3aGP1Q/2eCOx0fNbRMe7XdwktwOruhfqqd0rIJWwN4Dh+E3hrPSlDCXnSR7UtZ1N38rVXm+6+MEhJQ==",
							"dev": true,
							"requires": {
								"asynckit": "^0.4.0",
								"combined-stream": "^1.0.6",
								"mime-types": "^2.1.12"
							}
						}
					}
				},
				"rsa-pem-from-mod-exp": {
					"version": "0.8.4",
					"resolved": "https://registry.npmjs.org/rsa-pem-from-mod-exp/-/rsa-pem-from-mod-exp-0.8.4.tgz",
					"integrity": "sha1-NipCxtMEBW1JOz8SvOq7LGV2ptQ=",
					"dev": true
				},
				"safe-buffer": {
					"version": "5.2.0",
					"resolved": "https://registry.npmjs.org/safe-buffer/-/safe-buffer-5.2.0.tgz",
					"integrity": "sha512-fZEwUGbVl7kouZs1jCdMLdt95hdIv0ZeHg6L7qPeciMZhZ+/gdesW4wgTARkrFWEpspjEATAzUGPG8N2jJiwbg==",
					"dev": true
				},
				"safer-buffer": {
					"version": "2.1.2",
					"resolved": "https://registry.npmjs.org/safer-buffer/-/safer-buffer-2.1.2.tgz",
					"integrity": "sha512-YZo3K82SD7Riyi0E1EQPojLz7kpepnSQI9IyPbHHg1XXXevb5dJI7tpyN2ADxGcQbHG7vcyRHk0cbwqcQriUtg==",
					"dev": true
				},
				"semver": {
					"version": "5.7.1",
					"resolved": "https://registry.npmjs.org/semver/-/semver-5.7.1.tgz",
					"integrity": "sha512-sauaDf/PZdVgrLTNYHRtpXa1iRiKcaebiKQ1BJdpQlWH2lCvexQdX55snPFyK7QzpudqbCI0qXFfOasHdyNDGQ==",
					"dev": true
				},
				"sprintf-js": {
					"version": "1.1.2",
					"resolved": "https://registry.npmjs.org/sprintf-js/-/sprintf-js-1.1.2.tgz",
					"integrity": "sha512-VE0SOVEHCk7Qc8ulkWw3ntAzXuqf7S2lvwQaDLRnUeIEaKNQJzV6BwmLKhOqT61aGhfUMrXeaBk+oDGCzvhcug==",
					"dev": true
				},
				"sshpk": {
					"version": "1.16.1",
					"resolved": "https://registry.npmjs.org/sshpk/-/sshpk-1.16.1.tgz",
					"integrity": "sha512-HXXqVUq7+pcKeLqqZj6mHFUMvXtOJt1uoUx09pFW6011inTMxqI8BA8PM95myrIyyKwdnzjdFjLiE6KBPVtJIg==",
					"dev": true,
					"requires": {
						"asn1": "~0.2.3",
						"assert-plus": "^1.0.0",
						"bcrypt-pbkdf": "^1.0.0",
						"dashdash": "^1.12.0",
						"ecc-jsbn": "~0.1.1",
						"getpass": "^0.1.1",
						"jsbn": "~0.1.0",
						"safer-buffer": "^2.0.2",
						"tweetnacl": "~0.14.0"
					}
				},
				"tough-cookie": {
					"version": "2.4.3",
					"resolved": "https://registry.npmjs.org/tough-cookie/-/tough-cookie-2.4.3.tgz",
					"integrity": "sha512-Q5srk/4vDM54WJsJio3XNn6K2sCG+CQ8G5Wz6bZhRZoAe/+TxjWB/GlFAnYEbkYVlON9FMk/fE3h2RLpPXo4lQ==",
					"dev": true,
					"requires": {
						"psl": "^1.1.24",
						"punycode": "^1.4.1"
					},
					"dependencies": {
						"punycode": {
							"version": "1.4.1",
							"resolved": "https://registry.npmjs.org/punycode/-/punycode-1.4.1.tgz",
							"integrity": "sha1-wNWmOycYgArY4esPpSachN1BhF4=",
							"dev": true
						}
					}
				},
				"tunnel-agent": {
					"version": "0.6.0",
					"resolved": "https://registry.npmjs.org/tunnel-agent/-/tunnel-agent-0.6.0.tgz",
					"integrity": "sha1-J6XeoGs2sEoKmWZ3SykIaPD8QP0=",
					"dev": true,
					"requires": {
						"safe-buffer": "^5.0.1"
					}
				},
				"tweetnacl": {
					"version": "0.14.5",
					"resolved": "https://registry.npmjs.org/tweetnacl/-/tweetnacl-0.14.5.tgz",
					"integrity": "sha1-WuaBd/GS1EViadEIr6k/+HQ/T2Q=",
					"dev": true
				},
				"uri-js": {
					"version": "4.2.2",
					"resolved": "https://registry.npmjs.org/uri-js/-/uri-js-4.2.2.tgz",
					"integrity": "sha512-KY9Frmirql91X2Qgjry0Wd4Y+YTdrdZheS8TFwvkbLWf/G5KNJDCh6pKL5OZctEW4+0Baa5idK2ZQuELRwPznQ==",
					"dev": true,
					"requires": {
						"punycode": "^2.1.0"
					}
				},
				"url-join": {
					"version": "1.1.0",
					"resolved": "https://registry.npmjs.org/url-join/-/url-join-1.1.0.tgz",
					"integrity": "sha1-dBxsL0WWxIMNZxhGCSDQySIC3Hg=",
					"dev": true
				},
				"uuid": {
					"version": "3.3.3",
					"resolved": "https://registry.npmjs.org/uuid/-/uuid-3.3.3.tgz",
					"integrity": "sha512-pW0No1RGHgzlpHJO1nsVrHKpOEIxkGg1xB+v0ZmdNH5OAeAwzAVrCnI2/6Mtx+Uys6iaylxa+D3g4j63IKKjSQ==",
					"dev": true
				},
				"verror": {
					"version": "1.10.0",
					"resolved": "https://registry.npmjs.org/verror/-/verror-1.10.0.tgz",
					"integrity": "sha1-OhBcoXBTr1XW4nDB+CiGguGNpAA=",
					"dev": true,
					"requires": {
						"assert-plus": "^1.0.0",
						"core-util-is": "1.0.2",
						"extsprintf": "^1.2.0"
					}
				}
			}
		}
	}
}
