{
	"requires": true,
	"lockfileVersion": 1,
	"dependencies": {
		"@types/node": {
			"version": "9.6.4",
			"resolved": "https://registry.npmjs.org/@types/node/-/node-9.6.4.tgz",
			"integrity": "sha512-Awg4BcUYiZtNKoveGOu654JVPt11V/KIC77iBz8NweyoOAZpz5rUJfPDwwD+ajfTs2HndbTCEB8IuLfX9m/mmw=="
		},
		"@types/restify": {
			"version": "4.3.6",
			"resolved": "https://registry.npmjs.org/@types/restify/-/restify-4.3.6.tgz",
			"integrity": "sha512-4l4f0EXnleXQttlhRCXtTuJ8UelsKiAKIK2AAEd2epBHu41aEbM0U2z6E5tUrNwlbxz7qaNBISduGMeg+G3PaA==",
			"requires": {
				"@types/bunyan": "1.8.4",
				"@types/node": "9.6.4"
			},
			"dependencies": {
				"@types/bunyan": {
					"version": "1.8.4",
					"resolved": "https://registry.npmjs.org/@types/bunyan/-/bunyan-1.8.4.tgz",
					"integrity": "sha512-bxOF3fsm69ezKxdcJ7Oo/PsZMOJ+JIV/QJO2IADfScmR3sLulR88dpSnz6+q+9JJ1kD7dXFFgUrGRSKHLkOX7w==",
					"requires": {
						"@types/events": "1.2.0",
						"@types/node": "9.6.4"
					}
				},
				"@types/events": {
					"version": "1.2.0",
					"resolved": "https://registry.npmjs.org/@types/events/-/events-1.2.0.tgz",
					"integrity": "sha512-KEIlhXnIutzKwRbQkGWb/I4HFqBuUykAdHgDED6xqwXJfONCjF5VoE0cXEiurh3XauygxzeDzgtXUqvLkxFzzA=="
				}
			}
		},
		"moment": {
			"version": "2.22.0",
			"resolved": "https://fuselabs.pkgs.visualstudio.com/_packaging/FuseNPM/npm/registry/moment/-/moment-2.22.0.tgz",
			"integrity": "sha512-1muXCh8jb1N/gHRbn9VDUBr0GYb8A/aVcHlII9QSB68a50spqEVLIGN6KVmCOnSvJrUhC0edGgKU5ofnGXdYdg=="
		}
	}
}
