{
  "name": "@bfemulator/emulator-core",
  "version": "1.0.0-0",
  "lockfileVersion": 1,
  "requires": true,
  "dependencies": {
    "@bfemulator/app-shared": {
      "version": "1.0.0",
      "requires": {
        "@babel/runtime": "^7.1.5",
        "@bfemulator/sdk-shared": "^1.0.0",
        "botframework-config": "4.4.0",
        "botframework-schema": "^4.3.4",
        "tslib": "^1.9.0"
      },
      "dependencies": {
        "@babel/runtime": {
          "version": "7.4.5",
          "bundled": true,
          "requires": {
            "regenerator-runtime": "^0.13.2"
          }
        },
        "@bfemulator/sdk-shared": {
          "version": "1.0.0",
          "bundled": true,
          "requires": {
            "@babel/runtime": "^7.1.5",
            "botframework-config": "4.4.0",
            "botframework-schema": "^4.3.4",
            "tslib": "^1.9.0",
            "uuid": "^3.3.2"
          },
          "dependencies": {
            "@babel/runtime": {
              "version": "7.4.5",
              "bundled": true,
              "requires": {
                "regenerator-runtime": "^0.13.2"
              }
            },
            "botframework-config": {
              "version": "4.4.0",
              "bundled": true,
              "requires": {
                "fs-extra": "^7.0.0",
                "process": "^0.11.10",
                "read-text-file": "^1.1.0",
                "url": "^0.11.0",
                "uuid": "^3.3.2"
              }
            },
            "botframework-schema": {
              "version": "4.4.0",
              "bundled": true
            },
            "fs-extra": {
              "version": "7.0.1",
              "bundled": true,
              "requires": {
                "graceful-fs": "^4.1.2",
                "jsonfile": "^4.0.0",
                "universalify": "^0.1.0"
              }
            },
            "graceful-fs": {
              "version": "4.1.15",
              "bundled": true
            },
            "iconv-lite": {
              "version": "0.4.24",
              "bundled": true,
              "requires": {
                "safer-buffer": ">= 2.1.2 < 3"
              }
            },
            "jschardet": {
              "version": "1.6.0",
              "bundled": true
            },
            "jsonfile": {
              "version": "4.0.0",
              "bundled": true,
              "requires": {
                "graceful-fs": "^4.1.6"
              }
            },
            "process": {
              "version": "0.11.10",
              "bundled": true
            },
            "punycode": {
              "version": "1.3.2",
              "bundled": true
            },
            "querystring": {
              "version": "0.2.0",
              "bundled": true
            },
            "read-text-file": {
              "version": "1.1.0",
              "bundled": true,
              "requires": {
                "iconv-lite": "^0.4.17",
                "jschardet": "^1.4.2"
              }
            },
            "regenerator-runtime": {
              "version": "0.13.2",
              "bundled": true
            },
            "safer-buffer": {
              "version": "2.1.2",
              "bundled": true
            },
            "tslib": {
              "version": "1.9.3",
              "bundled": true
            },
            "universalify": {
              "version": "0.1.2",
              "bundled": true
            },
            "url": {
              "version": "0.11.0",
              "bundled": true,
              "requires": {
                "punycode": "1.3.2",
                "querystring": "0.2.0"
              }
            },
            "uuid": {
              "version": "3.3.2",
              "bundled": true
            }
          }
        },
        "botframework-config": {
          "version": "4.4.0",
          "bundled": true,
          "requires": {
            "fs-extra": "^7.0.0",
            "process": "^0.11.10",
            "read-text-file": "^1.1.0",
            "url": "^0.11.0",
            "uuid": "^3.3.2"
          }
        },
        "botframework-schema": {
          "version": "4.4.0",
          "bundled": true
        },
        "fs-extra": {
          "version": "7.0.1",
          "bundled": true,
          "requires": {
            "graceful-fs": "^4.1.2",
            "jsonfile": "^4.0.0",
            "universalify": "^0.1.0"
          }
        },
        "graceful-fs": {
          "version": "4.1.15",
          "bundled": true
        },
        "iconv-lite": {
          "version": "0.4.24",
          "bundled": true,
          "requires": {
            "safer-buffer": ">= 2.1.2 < 3"
          }
        },
        "jschardet": {
          "version": "1.6.0",
          "bundled": true
        },
        "jsonfile": {
          "version": "4.0.0",
          "bundled": true,
          "requires": {
            "graceful-fs": "^4.1.6"
          }
        },
        "process": {
          "version": "0.11.10",
          "bundled": true
        },
        "punycode": {
          "version": "1.3.2",
          "bundled": true
        },
        "querystring": {
          "version": "0.2.0",
          "bundled": true
        },
        "read-text-file": {
          "version": "1.1.0",
          "bundled": true,
          "requires": {
            "iconv-lite": "^0.4.17",
            "jschardet": "^1.4.2"
          }
        },
        "regenerator-runtime": {
          "version": "0.13.2",
          "bundled": true
        },
        "safer-buffer": {
          "version": "2.1.2",
          "bundled": true
        },
        "tslib": {
          "version": "1.9.3",
          "bundled": true
        },
        "universalify": {
          "version": "0.1.2",
          "bundled": true
        },
        "url": {
          "version": "0.11.0",
          "bundled": true,
          "requires": {
            "punycode": "1.3.2",
            "querystring": "0.2.0"
          }
        },
        "uuid": {
          "version": "3.3.2",
          "bundled": true
        }
      }
    },
    "@bfemulator/sdk-shared": {
      "version": "1.0.0",
      "requires": {
        "@babel/runtime": "^7.1.5",
        "botframework-config": "4.4.0",
        "botframework-schema": "^4.3.4",
        "tslib": "^1.9.0",
        "uuid": "^3.3.2"
      },
      "dependencies": {
        "@babel/runtime": {
          "version": "7.4.5",
          "bundled": true,
          "requires": {
            "regenerator-runtime": "^0.13.2"
          }
        },
        "botframework-config": {
          "version": "4.4.0",
          "bundled": true,
          "requires": {
            "fs-extra": "^7.0.0",
            "process": "^0.11.10",
            "read-text-file": "^1.1.0",
            "url": "^0.11.0",
            "uuid": "^3.3.2"
          }
        },
        "botframework-schema": {
          "version": "4.4.0",
          "bundled": true
        },
        "fs-extra": {
          "version": "7.0.1",
          "bundled": true,
          "requires": {
            "graceful-fs": "^4.1.2",
            "jsonfile": "^4.0.0",
            "universalify": "^0.1.0"
          }
        },
        "graceful-fs": {
          "version": "4.1.15",
          "bundled": true
        },
        "iconv-lite": {
          "version": "0.4.24",
          "bundled": true,
          "requires": {
            "safer-buffer": ">= 2.1.2 < 3"
          }
        },
        "jschardet": {
          "version": "1.6.0",
          "bundled": true
        },
        "jsonfile": {
          "version": "4.0.0",
          "bundled": true,
          "requires": {
            "graceful-fs": "^4.1.6"
          }
        },
        "process": {
          "version": "0.11.10",
          "bundled": true
        },
        "punycode": {
          "version": "1.3.2",
          "bundled": true
        },
        "querystring": {
          "version": "0.2.0",
          "bundled": true
        },
        "read-text-file": {
          "version": "1.1.0",
          "bundled": true,
          "requires": {
            "iconv-lite": "^0.4.17",
            "jschardet": "^1.4.2"
          }
        },
        "regenerator-runtime": {
          "version": "0.13.2",
          "bundled": true
        },
        "safer-buffer": {
          "version": "2.1.2",
          "bundled": true
        },
        "tslib": {
          "version": "1.9.3",
          "bundled": true
        },
        "universalify": {
          "version": "0.1.2",
          "bundled": true
        },
        "url": {
          "version": "0.11.0",
          "bundled": true,
          "requires": {
            "punycode": "1.3.2",
            "querystring": "0.2.0"
          }
        },
        "uuid": {
          "version": "3.3.2",
          "bundled": true
        }
      }
    },
    "uuid": {
      "version": "3.3.2",
      "resolved": "https://registry.npmjs.org/uuid/-/uuid-3.3.2.tgz",
      "integrity": "sha512-yXJmeNaw3DnnKAOKJE51sL/ZaYfWJRl1pK9dr19YFCu0ObS231AB1/LbqTKRAQ5kw8A90rA6fr4riOUpTZvQZA=="
    }
  }
}
